Microsoft Visual Studio Solution File, Format Version 12.00
# Visual Studio Version 17
VisualStudioVersion = 17.0.31903.59
MinimumVisualStudioVersion = 10.0.40219.1
Project("{2150E333-8FDC-42A3-9474-1A3956D46DE8}") = "src", "src", "{827E0CD3-B72D-47B6-A68D-7590B98EB39B}"
EndProject
Project("{2150E333-8FDC-42A3-9474-1A3956D46DE8}") = "desktop", "desktop", "{2951E765-5F77-95BA-3D85-F41283DA5914}"
EndProject
Project("{FAE04EC0-301F-11D3-BF4B-00C04F79EFBC}") = "Tarui.App", "src\desktop\Tarui.App\Tarui.App.csproj", "{0B710C6C-0506-407C-AAAE-167D298248D9}"
EndProject
Project("{FAE04EC0-301F-11D3-BF4B-00C04F79EFBC}") = "Tarui.Shell", "src\desktop\Tarui.Shell\Tarui.Shell.csproj", "{3040CE38-6470-4E91-B019-475748E192C9}"
EndProject
Project("{FAE04EC0-301F-11D3-BF4B-00C04F79EFBC}") = "Tarui.Contracts", "src\core\Tarui.Contracts\Tarui.Contracts.csproj", "{2EAB1D73-20DA-47DD-B023-7FA4F456D9DD}"
EndProject
Project("{FAE04EC0-301F-11D3-BF4B-00C04F79EFBC}") = "Tarui.Ipc", "src\core\Tarui.Ipc\Tarui.Ipc.csproj", "{6FE09C2C-372D-44CC-B4F6-77C5E0435E97}"
EndProject
Project("{FAE04EC0-301F-11D3-BF4B-00C04F79EFBC}") = "Tarui.Ipc.Generators", "src\generators\Tarui.Ipc.Generators\Tarui.Ipc.Generators.csproj", "{242229F7-BC5D-4FD3-91EA-2E032265180C}"
EndProject
Project("{FAE04EC0-301F-11D3-BF4B-00C04F79EFBC}") = "Tarui.Plugins.Core", "src\plugins\Tarui.Plugins.Core\Tarui.Plugins.Core.csproj", "{71320A56-10EC-4570-BCB2-3BD8090C39BF}"
EndProject
Project("{FAE04EC0-301F-11D3-BF4B-00C04F79EFBC}") = "Tarui.Plugins.Dialog", "src\plugins\Tarui.Plugins.Dialog\Tarui.Plugins.Dialog.csproj", "{4D26012B-0804-46DE-8833-9E9F203A72BF}"
EndProject
Project("{FAE04EC0-301F-11D3-BF4B-00C04F79EFBC}") = "Tarui.WebView.Abstractions", "src\webview\Tarui.WebView.Abstractions\Tarui.WebView.Abstractions.csproj", "{3050C53E-664F-4DD4-9BEE-27EC32C4E1A2}"
EndProject
Project("{FAE04EC0-301F-11D3-BF4B-00C04F79EFBC}") = "Tarui.WebView.CefGlueNext", "src\webview\Tarui.WebView.CefGlueNext\Tarui.WebView.CefGlueNext.csproj", "{F854DF90-FC95-4E65-B497-7334FA3D39E1}"
EndProject
Project("{2150E333-8FDC-42A3-9474-1A3956D46DE8}") = "tests", "tests", "{0AB3BF05-4346-4AA6-1389-037BE0695223}"
EndProject
Project("{FAE04EC0-301F-11D3-BF4B-00C04F79EFBC}") = "Tarui.Ipc.Tests", "tests\Tarui.Ipc.Tests\Tarui.Ipc.Tests.csproj", "{B8B9F4C7-715E-4DE8-9FB2-47C7BA35A8F9}"
EndProject
Project("{2150E333-8FDC-42A3-9474-1A3956D46DE8}") = "webview", "webview", "{F54332F1-7414-B317-14D6-87F4A58A2743}"
EndProject
Project("{2150E333-8FDC-42A3-9474-1A3956D46DE8}") = "cefglue", "cefglue", "{450D54AD-C7F6-8710-425E-112A74205B6A}"
EndProject
Project("{FAE04EC0-301F-11D3-BF4B-00C04F79EFBC}") = "CefGlue.Core", "src\webview\cefglue\CefGlue.Core\CefGlue.Core.csproj", "{27B827F9-6C0A-4AB2-923C-C068C114A8D7}"
EndProject
Project("{FAE04EC0-301F-11D3-BF4B-00C04F79EFBC}") = "CefGlue.Common.Shared", "src\webview\cefglue\CefGlue.Common.Shared\CefGlue.Common.Shared.csproj", "{D9FC9ADC-3FC8-4AC6-8BB8-7C8B73782429}"
EndProject
Project("{FAE04EC0-301F-11D3-BF4B-00C04F79EFBC}") = "CefGlue.Common", "src\webview\cefglue\CefGlue.Common\CefGlue.Common.csproj", "{4BD53F52-E288-4325-B21F-786C6A74C1A1}"
EndProject
Project("{FAE04EC0-301F-11D3-BF4B-00C04F79EFBC}") = "CefGlue.BrowserProcess.Core", "src\webview\cefglue\CefGlue.BrowserProcess.Core\CefGlue.BrowserProcess.Core.csproj", "{842DDF5E-A24D-4C8A-BCD1-678C78C55A1D}"
EndProject
Project("{FAE04EC0-301F-11D3-BF4B-00C04F79EFBC}") = "CefGlue.Avalonia", "src\webview\cefglue\CefGlue.Avalonia\CefGlue.Avalonia.csproj", "{E4137C53-A4F4-4A2B-A983-968ADD0F3D3E}"
EndProject
Project("{FAE04EC0-301F-11D3-BF4B-00C04F79EFBC}") = "Tarui.Architecture.Tests", "tests\Tarui.Architecture.Tests\Tarui.Architecture.Tests.csproj", "{16C881FD-3F26-4966-85F3-05BAAECFC496}"
EndProject
Project("{FAE04EC0-301F-11D3-BF4B-00C04F79EFBC}") = "Tarui.WebView.Tests", "tests\Tarui.WebView.Tests\Tarui.WebView.Tests.csproj", "{DD77D0C4-E314-4911-B3C7-B87A8A53A94A}"
EndProject
Project("{2150E333-8FDC-42A3-9474-1A3956D46DE8}") = "plugins", "plugins", "{58D3A2C3-F96F-5E57-2C6B-ECE59D6A18FC}"
EndProject
Project("{FAE04EC0-301F-11D3-BF4B-00C04F79EFBC}") = "Tarui.Plugins.Window", "src\plugins\Tarui.Plugins.Window\Tarui.Plugins.Window.csproj", "{126CE3EA-3FEF-4E2E-8F96-18D68C09B878}"
EndProject
Project("{2150E333-8FDC-42A3-9474-1A3956D46DE8}") = "core", "core", "{8D626EA8-CB54-BC41-363A-217881BEBA6E}"
EndProject
Project("{2150E333-8FDC-42A3-9474-1A3956D46DE8}") = "generators", "generators", "{C698E06C-1649-8066-6D27-72E3631D092E}"
EndProject
Project("{FAE04EC0-301F-11D3-BF4B-00C04F79EFBC}") = "Tarui.Plugins.Event", "src\plugins\Tarui.Plugins.Event\Tarui.Plugins.Event.csproj", "{CFD9309C-29C0-44E9-9B76-C86967F6D90C}"
EndProject
Project("{FAE04EC0-301F-11D3-BF4B-00C04F79EFBC}") = "Tarui.Plugins.FileSystem", "src\plugins\Tarui.Plugins.FileSystem\Tarui.Plugins.FileSystem.csproj", "{91C24E11-24B8-4C8A-8077-8177073D396C}"
EndProject
Project("{FAE04EC0-301F-11D3-BF4B-00C04F79EFBC}") = "Tarui.Plugins.System", "src\plugins\Tarui.Plugins.System\Tarui.Plugins.System.csproj", "{56C091F2-03B6-4EF9-B460-45656D5E0EED}"
EndProject
Project("{FAE04EC0-301F-11D3-BF4B-00C04F79EFBC}") = "Tarui.Plugins.Tests", "tests\Tarui.Plugins.Tests\Tarui.Plugins.Tests.csproj", "{50B50B93-5535-4348-9C63-35329B76ED90}"
EndProject
Project("{FAE04EC0-301F-11D3-BF4B-00C04F79EFBC}") = "Tarui.Shell.Tests", "tests\Tarui.Shell.Tests\Tarui.Shell.Tests.csproj", "{1B0102A6-C20F-4926-96CA-B4A41A75D822}"
EndProject
Project("{FAE04EC0-301F-11D3-BF4B-00C04F79EFBC}") = "Tarui.Hosting", "src\desktop\Tarui.Hosting\Tarui.Hosting.csproj", "{1F36A691-B97F-455D-A8C3-8BF66835CA7B}"
EndProject
Project("{FAE04EC0-301F-11D3-BF4B-00C04F79EFBC}") = "Tarui.Hosting.Tests", "tests\Tarui.Hosting.Tests\Tarui.Hosting.Tests.csproj", "{4C0DE338-93B6-4309-91CC-32390C89C62A}"
EndProject
Project("{FAE04EC0-301F-11D3-BF4B-00C04F79EFBC}") = "Tarui.Capabilities.Tests", "tests\Tarui.Capabilities.Tests\Tarui.Capabilities.Tests.csproj", "{B9DBBC14-5BCA-41DD-B7B4-8B22BF6139AA}"
EndProject
Project("{FAE04EC0-301F-11D3-BF4B-00C04F79EFBC}") = "Tarui.FileSystem.Tests", "tests\Tarui.FileSystem.Tests\Tarui.FileSystem.Tests.csproj", "{57C97CE2-BCE4-4786-AD2C-796995EE5967}"
EndProject
Project("{2150E333-8FDC-42A3-9474-1A3956D46DE8}") = "plugins", "plugins", "{07D57EEB-2F50-60C4-C011-FE4FA775C9A8}"
EndProject
Project("{FAE04EC0-301F-11D3-BF4B-00C04F79EFBC}") = "Tarui.Plugins.Menu", "src\plugins\Tarui.Plugins.Menu\Tarui.Plugins.Menu.csproj", "{E38409BF-1319-425F-87EC-86425A5501DD}"
EndProject
Project("{FAE04EC0-301F-11D3-BF4B-00C04F79EFBC}") = "Tarui.Plugins.Tray", "src\plugins\Tarui.Plugins.Tray\Tarui.Plugins.Tray.csproj", "{2A4C1AFE-3333-489A-AD3E-EAC689108BC0}"
EndProject
Project("{FAE04EC0-301F-11D3-BF4B-00C04F79EFBC}") = "Tarui.MenuTray.Tests", "tests\Tarui.MenuTray.Tests\Tarui.MenuTray.Tests.csproj", "{99461FB5-1A9D-4865-BDEA-320C4F92F8AA}"
EndProject
Project("{FAE04EC0-301F-11D3-BF4B-00C04F79EFBC}") = "Tarui.SingleInstance", "src\desktop\Tarui.SingleInstance\Tarui.SingleInstance.csproj", "{FAA5A3DE-EDDA-4EA6-9BE3-BF49C067E52D}"
EndProject
Project("{FAE04EC0-301F-11D3-BF4B-00C04F79EFBC}") = "Tarui.Plugins.WindowState", "src\plugins\Tarui.Plugins.WindowState\Tarui.Plugins.WindowState.csproj", "{A49A05B3-F987-4E40-BED0-A9AD8C5116AD}"
EndProject
Project("{FAE04EC0-301F-11D3-BF4B-00C04F79EFBC}") = "Tarui.SingleInstance.Tests", "tests\Tarui.SingleInstance.Tests\Tarui.SingleInstance.Tests.csproj", "{5BA3C50C-C430-4621-A0A3-170448C8EE7E}"
EndProject
Project("{FAE04EC0-301F-11D3-BF4B-00C04F79EFBC}") = "Tarui.WindowState.Tests", "tests\Tarui.WindowState.Tests\Tarui.WindowState.Tests.csproj", "{6F972B59-27EB-4BFD-B3B8-32D38AFC8E35}"
EndProject
Project("{FAE04EC0-301F-11D3-BF4B-00C04F79EFBC}") = "Tarui.Plugins.Notification", "src\plugins\Tarui.Plugins.Notification\Tarui.Plugins.Notification.csproj", "{8488BC7A-E4F9-412A-9452-3D82C941DE99}"
EndProject
Project("{FAE04EC0-301F-11D3-BF4B-00C04F79EFBC}") = "Tarui.Plugins.Autostart", "src\plugins\Tarui.Plugins.Autostart\Tarui.Plugins.Autostart.csproj", "{502D14DC-28BF-4F6A-8039-01CD696375E1}"
EndProject
Project("{FAE04EC0-301F-11D3-BF4B-00C04F79EFBC}") = "Tarui.Plugins.GlobalShortcut", "src\plugins\Tarui.Plugins.GlobalShortcut\Tarui.Plugins.GlobalShortcut.csproj", "{16FB4552-9E73-40D0-B6EB-0B24399774FD}"
EndProject
Project("{FAE04EC0-301F-11D3-BF4B-00C04F79EFBC}") = "Tarui.Notification.Tests", "tests\Tarui.Notification.Tests\Tarui.Notification.Tests.csproj", "{EB5EEEA6-7B5E-43F2-8BF7-D560EC07D322}"
EndProject
Project("{FAE04EC0-301F-11D3-BF4B-00C04F79EFBC}") = "Tarui.Autostart.Tests", "tests\Tarui.Autostart.Tests\Tarui.Autostart.Tests.csproj", "{CD7C83DF-B183-41BE-8741-235C75D59455}"
EndProject
Project("{FAE04EC0-301F-11D3-BF4B-00C04F79EFBC}") = "Tarui.GlobalShortcut.Tests", "tests\Tarui.GlobalShortcut.Tests\Tarui.GlobalShortcut.Tests.csproj", "{62FABE79-FA11-4D86-B215-E2CD7DFD4F21}"
EndProject
Project("{FAE04EC0-301F-11D3-BF4B-00C04F79EFBC}") = "Tarui.WebViewEvents.Tests", "tests\Tarui.WebViewEvents.Tests\Tarui.WebViewEvents.Tests.csproj", "{AF4340EE-6052-4341-BF4A-A414EAD344FB}"
EndProject
Project("{FAE04EC0-301F-11D3-BF4B-00C04F79EFBC}") = "Tarui.Plugins.Store", "src\plugins\Tarui.Plugins.Store\Tarui.Plugins.Store.csproj", "{0581F4B5-CAEE-4FF8-8E6E-C06DC0495B4B}"
EndProject
Project("{FAE04EC0-301F-11D3-BF4B-00C04F79EFBC}") = "Tarui.Plugins.Log", "src\plugins\Tarui.Plugins.Log\Tarui.Plugins.Log.csproj", "{6EDDF3C0-ED7A-46ED-ADCC-A87CC46D343D}"
EndProject
Project("{FAE04EC0-301F-11D3-BF4B-00C04F79EFBC}") = "Tarui.Store.Tests", "tests\Tarui.Store.Tests\Tarui.Store.Tests.csproj", "{58067CEB-E642-4152-8057-244255AB278D}"
EndProject
Project("{FAE04EC0-301F-11D3-BF4B-00C04F79EFBC}") = "Tarui.Log.Tests", "tests\Tarui.Log.Tests\Tarui.Log.Tests.csproj", "{96468472-FBE6-438D-9A63-A2889EDE34CE}"
EndProject
Project("{FAE04EC0-301F-11D3-BF4B-00C04F79EFBC}") = "Tarui.DeepLink.Tests", "tests\Tarui.DeepLink.Tests\Tarui.DeepLink.Tests.csproj", "{8CF91691-62E9-42CA-BC99-E4875C76605B}"
EndProject
Project("{FAE04EC0-301F-11D3-BF4B-00C04F79EFBC}") = "Tarui.Plugins.DeepLink", "src\plugins\Tarui.Plugins.DeepLink\Tarui.Plugins.DeepLink.csproj", "{9B600C87-B7D8-4523-B8EF-E9599418DE23}"
EndProject
Project("{FAE04EC0-301F-11D3-BF4B-00C04F79EFBC}") = "Tarui.Updater.Tests", "tests\Tarui.Updater.Tests\Tarui.Updater.Tests.csproj", "{F80CDEC4-325A-4AAC-B66D-B003A06A0B7C}"
EndProject
Project("{FAE04EC0-301F-11D3-BF4B-00C04F79EFBC}") = "Tarui.Plugins.Updater", "src\plugins\Tarui.Plugins.Updater\Tarui.Plugins.Updater.csproj", "{F253AA42-5598-4A47-AF15-1649767A332A}"
EndProject
Project("{FAE04EC0-301F-11D3-BF4B-00C04F79EFBC}") = "Tarui.Cli.Tests", "tests\Tarui.Cli.Tests\Tarui.Cli.Tests.csproj", "{98455D99-CBE2-4CC8-B78E-A1B30BFA3D72}"
EndProject
Project("{2150E333-8FDC-42A3-9474-1A3956D46DE8}") = "tarui-cli", "tarui-cli", "{CA8BD5DE-A0B3-9D89-08AF-C6FB9B107C3D}"
EndProject
Project("{FAE04EC0-301F-11D3-BF4B-00C04F79EFBC}") = "Tarui.Cli", "src\tarui-cli\Tarui.Cli.csproj", "{5D31C1D4-1E6C-478E-B87C-D922B1298EEC}"
EndProject
Project("{FAE04EC0-301F-11D3-BF4B-00C04F79EFBC}") = "Tarui.Templates", "src\templates\Tarui.Templates\Tarui.Templates.csproj", "{2FC55FB1-ED19-4587-AEA2-694B356D8483}"
EndProject
Project("{2150E333-8FDC-42A3-9474-1A3956D46DE8}") = "examples", "examples", "{B36A84DF-456D-A817-6EDD-3EC3E7F6E11F}"
EndProject
Project("{2150E333-8FDC-42A3-9474-1A3956D46DE8}") = "demo", "demo", "{FCA485BC-53A3-F4B0-D375-3CF04A41BE4A}"
EndProject
Project("{FAE04EC0-301F-11D3-BF4B-00C04F79EFBC}") = "Demo.Desktop", "examples\demo\Demo.Desktop\Demo.Desktop.csproj", "{95A80AA9-59E0-4840-83DE-0FAA533C335B}"
EndProject
Project("{FAE04EC0-301F-11D3-BF4B-00C04F79EFBC}") = "CefGlue.Next.Avalonia", "src\webview\CefGlue.Next.Avalonia\CefGlue.Next.Avalonia.csproj", "{05E89DCC-BA1A-4ED7-A5F6-BDC1B9E84073}"
EndProject
Project("{FAE04EC0-301F-11D3-BF4B-00C04F79EFBC}") = "Tarui.WebView.Avalonia", "src\webview\Tarui.WebView.Avalonia\Tarui.WebView.Avalonia.csproj", "{EEBA31B1-314A-499E-A552-08676BEAF9EE}"
EndProject
Project("{FAE04EC0-301F-11D3-BF4B-00C04F79EFBC}") = "CefGlue.Next.Avalonia.Tests", "tests\CefGlue.Next.Avalonia.Tests\CefGlue.Next.Avalonia.Tests.csproj", "{8B1444B2-402B-4912-8E5C-831CFB46716B}"
EndProject
Global
	GlobalSection(SolutionConfigurationPlatforms) = preSolution
		Debug|Any CPU = Debug|Any CPU
		Debug|x64 = Debug|x64
		Debug|x86 = Debug|x86
		Release|Any CPU = Release|Any CPU
		Release|x64 = Release|x64
		Release|x86 = Release|x86
	EndGlobalSection
	GlobalSection(ProjectConfigurationPlatforms) = postSolution
		{0B710C6C-0506-407C-AAAE-167D298248D9}.Debug|Any CPU.ActiveCfg = Debug|Any CPU
		{0B710C6C-0506-407C-AAAE-167D298248D9}.Debug|Any CPU.Build.0 = Debug|Any CPU
		{0B710C6C-0506-407C-AAAE-167D298248D9}.Debug|x64.ActiveCfg = Debug|Any CPU
		{0B710C6C-0506-407C-AAAE-167D298248D9}.Debug|x64.Build.0 = Debug|Any CPU
		{0B710C6C-0506-407C-AAAE-167D298248D9}.Debug|x86.ActiveCfg = Debug|Any CPU
		{0B710C6C-0506-407C-AAAE-167D298248D9}.Debug|x86.Build.0 = Debug|Any CPU
		{0B710C6C-0506-407C-AAAE-167D298248D9}.Release|Any CPU.ActiveCfg = Release|Any CPU
		{0B710C6C-0506-407C-AAAE-167D298248D9}.Release|Any CPU.Build.0 = Release|Any CPU
		{0B710C6C-0506-407C-AAAE-167D298248D9}.Release|x64.ActiveCfg = Release|Any CPU
		{0B710C6C-0506-407C-AAAE-167D298248D9}.Release|x64.Build.0 = Release|Any CPU
		{0B710C6C-0506-407C-AAAE-167D298248D9}.Release|x86.ActiveCfg = Release|Any CPU
		{0B710C6C-0506-407C-AAAE-167D298248D9}.Release|x86.Build.0 = Release|Any CPU
		{3040CE38-6470-4E91-B019-475748E192C9}.Debug|Any CPU.ActiveCfg = Debug|Any CPU
		{3040CE38-6470-4E91-B019-475748E192C9}.Debug|Any CPU.Build.0 = Debug|Any CPU
		{3040CE38-6470-4E91-B019-475748E192C9}.Debug|x64.ActiveCfg = Debug|Any CPU
		{3040CE38-6470-4E91-B019-475748E192C9}.Debug|x64.Build.0 = Debug|Any CPU
		{3040CE38-6470-4E91-B019-475748E192C9}.Debug|x86.ActiveCfg = Debug|Any CPU
		{3040CE38-6470-4E91-B019-475748E192C9}.Debug|x86.Build.0 = Debug|Any CPU
		{3040CE38-6470-4E91-B019-475748E192C9}.Release|Any CPU.ActiveCfg = Release|Any CPU
		{3040CE38-6470-4E91-B019-475748E192C9}.Release|Any CPU.Build.0 = Release|Any CPU
		{3040CE38-6470-4E91-B019-475748E192C9}.Release|x64.ActiveCfg = Release|Any CPU
		{3040CE38-6470-4E91-B019-475748E192C9}.Release|x64.Build.0 = Release|Any CPU
		{3040CE38-6470-4E91-B019-475748E192C9}.Release|x86.ActiveCfg = Release|Any CPU
		{3040CE38-6470-4E91-B019-475748E192C9}.Release|x86.Build.0 = Release|Any CPU
		{2EAB1D73-20DA-47DD-B023-7FA4F456D9DD}.Debug|Any CPU.ActiveCfg = Debug|Any CPU
		{2EAB1D73-20DA-47DD-B023-7FA4F456D9DD}.Debug|Any CPU.Build.0 = Debug|Any CPU
		{2EAB1D73-20DA-47DD-B023-7FA4F456D9DD}.Debug|x64.ActiveCfg = Debug|Any CPU
		{2EAB1D73-20DA-47DD-B023-7FA4F456D9DD}.Debug|x64.Build.0 = Debug|Any CPU
		{2EAB1D73-20DA-47DD-B023-7FA4F456D9DD}.Debug|x86.ActiveCfg = Debug|Any CPU
		{2EAB1D73-20DA-47DD-B023-7FA4F456D9DD}.Debug|x86.Build.0 = Debug|Any CPU
		{2EAB1D73-20DA-47DD-B023-7FA4F456D9DD}.Release|Any CPU.ActiveCfg = Release|Any CPU
		{2EAB1D73-20DA-47DD-B023-7FA4F456D9DD}.Release|Any CPU.Build.0 = Release|Any CPU
		{2EAB1D73-20DA-47DD-B023-7FA4F456D9DD}.Release|x64.ActiveCfg = Release|Any CPU
		{2EAB1D73-20DA-47DD-B023-7FA4F456D9DD}.Release|x64.Build.0 = Release|Any CPU
		{2EAB1D73-20DA-47DD-B023-7FA4F456D9DD}.Release|x86.ActiveCfg = Release|Any CPU
		{2EAB1D73-20DA-47DD-B023-7FA4F456D9DD}.Release|x86.Build.0 = Release|Any CPU
		{6FE09C2C-372D-44CC-B4F6-77C5E0435E97}.Debug|Any CPU.ActiveCfg = Debug|Any CPU
		{6FE09C2C-372D-44CC-B4F6-77C5E0435E97}.Debug|Any CPU.Build.0 = Debug|Any CPU
		{6FE09C2C-372D-44CC-B4F6-77C5E0435E97}.Debug|x64.ActiveCfg = Debug|Any CPU
		{6FE09C2C-372D-44CC-B4F6-77C5E0435E97}.Debug|x64.Build.0 = Debug|Any CPU
		{6FE09C2C-372D-44CC-B4F6-77C5E0435E97}.Debug|x86.ActiveCfg = Debug|Any CPU
		{6FE09C2C-372D-44CC-B4F6-77C5E0435E97}.Debug|x86.Build.0 = Debug|Any CPU
		{6FE09C2C-372D-44CC-B4F6-77C5E0435E97}.Release|Any CPU.ActiveCfg = Release|Any CPU
		{6FE09C2C-372D-44CC-B4F6-77C5E0435E97}.Release|Any CPU.Build.0 = Release|Any CPU
		{6FE09C2C-372D-44CC-B4F6-77C5E0435E97}.Release|x64.ActiveCfg = Release|Any CPU
		{6FE09C2C-372D-44CC-B4F6-77C5E0435E97}.Release|x64.Build.0 = Release|Any CPU
		{6FE09C2C-372D-44CC-B4F6-77C5E0435E97}.Release|x86.ActiveCfg = Release|Any CPU
		{6FE09C2C-372D-44CC-B4F6-77C5E0435E97}.Release|x86.Build.0 = Release|Any CPU
		{242229F7-BC5D-4FD3-91EA-2E032265180C}.Debug|Any CPU.ActiveCfg = Debug|Any CPU
		{242229F7-BC5D-4FD3-91EA-2E032265180C}.Debug|Any CPU.Build.0 = Debug|Any CPU
		{242229F7-BC5D-4FD3-91EA-2E032265180C}.Debug|x64.ActiveCfg = Debug|Any CPU
		{242229F7-BC5D-4FD3-91EA-2E032265180C}.Debug|x64.Build.0 = Debug|Any CPU
		{242229F7-BC5D-4FD3-91EA-2E032265180C}.Debug|x86.ActiveCfg = Debug|Any CPU
		{242229F7-BC5D-4FD3-91EA-2E032265180C}.Debug|x86.Build.0 = Debug|Any CPU
		{242229F7-BC5D-4FD3-91EA-2E032265180C}.Release|Any CPU.ActiveCfg = Release|Any CPU
		{242229F7-BC5D-4FD3-91EA-2E032265180C}.Release|Any CPU.Build.0 = Release|Any CPU
		{242229F7-BC5D-4FD3-91EA-2E032265180C}.Release|x64.ActiveCfg = Release|Any CPU
		{242229F7-BC5D-4FD3-91EA-2E032265180C}.Release|x64.Build.0 = Release|Any CPU
		{242229F7-BC5D-4FD3-91EA-2E032265180C}.Release|x86.ActiveCfg = Release|Any CPU
		{242229F7-BC5D-4FD3-91EA-2E032265180C}.Release|x86.Build.0 = Release|Any CPU
		{71320A56-10EC-4570-BCB2-3BD8090C39BF}.Debug|Any CPU.ActiveCfg = Debug|Any CPU
		{71320A56-10EC-4570-BCB2-3BD8090C39BF}.Debug|Any CPU.Build.0 = Debug|Any CPU
		{71320A56-10EC-4570-BCB2-3BD8090C39BF}.Debug|x64.ActiveCfg = Debug|Any CPU
		{71320A56-10EC-4570-BCB2-3BD8090C39BF}.Debug|x64.Build.0 = Debug|Any CPU
		{71320A56-10EC-4570-BCB2-3BD8090C39BF}.Debug|x86.ActiveCfg = Debug|Any CPU
		{71320A56-10EC-4570-BCB2-3BD8090C39BF}.Debug|x86.Build.0 = Debug|Any CPU
		{71320A56-10EC-4570-BCB2-3BD8090C39BF}.Release|Any CPU.ActiveCfg = Release|Any CPU
		{71320A56-10EC-4570-BCB2-3BD8090C39BF}.Release|Any CPU.Build.0 = Release|Any CPU
		{71320A56-10EC-4570-BCB2-3BD8090C39BF}.Release|x64.ActiveCfg = Release|Any CPU
		{71320A56-10EC-4570-BCB2-3BD8090C39BF}.Release|x64.Build.0 = Release|Any CPU
		{71320A56-10EC-4570-BCB2-3BD8090C39BF}.Release|x86.ActiveCfg = Release|Any CPU
		{71320A56-10EC-4570-BCB2-3BD8090C39BF}.Release|x86.Build.0 = Release|Any CPU
		{4D26012B-0804-46DE-8833-9E9F203A72BF}.Debug|Any CPU.ActiveCfg = Debug|Any CPU
		{4D26012B-0804-46DE-8833-9E9F203A72BF}.Debug|Any CPU.Build.0 = Debug|Any CPU
		{4D26012B-0804-46DE-8833-9E9F203A72BF}.Debug|x64.ActiveCfg = Debug|Any CPU
		{4D26012B-0804-46DE-8833-9E9F203A72BF}.Debug|x64.Build.0 = Debug|Any CPU
		{4D26012B-0804-46DE-8833-9E9F203A72BF}.Debug|x86.ActiveCfg = Debug|Any CPU
		{4D26012B-0804-46DE-8833-9E9F203A72BF}.Debug|x86.Build.0 = Debug|Any CPU
		{4D26012B-0804-46DE-8833-9E9F203A72BF}.Release|Any CPU.ActiveCfg = Release|Any CPU
		{4D26012B-0804-46DE-8833-9E9F203A72BF}.Release|Any CPU.Build.0 = Release|Any CPU
		{4D26012B-0804-46DE-8833-9E9F203A72BF}.Release|x64.ActiveCfg = Release|Any CPU
		{4D26012B-0804-46DE-8833-9E9F203A72BF}.Release|x64.Build.0 = Release|Any CPU
		{4D26012B-0804-46DE-8833-9E9F203A72BF}.Release|x86.ActiveCfg = Release|Any CPU
		{4D26012B-0804-46DE-8833-9E9F203A72BF}.Release|x86.Build.0 = Release|Any CPU
		{3050C53E-664F-4DD4-9BEE-27EC32C4E1A2}.Debug|Any CPU.ActiveCfg = Debug|Any CPU
		{3050C53E-664F-4DD4-9BEE-27EC32C4E1A2}.Debug|Any CPU.Build.0 = Debug|Any CPU
		{3050C53E-664F-4DD4-9BEE-27EC32C4E1A2}.Debug|x64.ActiveCfg = Debug|Any CPU
		{3050C53E-664F-4DD4-9BEE-27EC32C4E1A2}.Debug|x64.Build.0 = Debug|Any CPU
		{3050C53E-664F-4DD4-9BEE-27EC32C4E1A2}.Debug|x86.ActiveCfg = Debug|Any CPU
		{3050C53E-664F-4DD4-9BEE-27EC32C4E1A2}.Debug|x86.Build.0 = Debug|Any CPU
		{3050C53E-664F-4DD4-9BEE-27EC32C4E1A2}.Release|Any CPU.ActiveCfg = Release|Any CPU
		{3050C53E-664F-4DD4-9BEE-27EC32C4E1A2}.Release|Any CPU.Build.0 = Release|Any CPU
		{3050C53E-664F-4DD4-9BEE-27EC32C4E1A2}.Release|x64.ActiveCfg = Release|Any CPU
		{3050C53E-664F-4DD4-9BEE-27EC32C4E1A2}.Release|x64.Build.0 = Release|Any CPU
		{3050C53E-664F-4DD4-9BEE-27EC32C4E1A2}.Release|x86.ActiveCfg = Release|Any CPU
		{3050C53E-664F-4DD4-9BEE-27EC32C4E1A2}.Release|x86.Build.0 = Release|Any CPU
		{F854DF90-FC95-4E65-B497-7334FA3D39E1}.Debug|Any CPU.ActiveCfg = Debug|Any CPU
		{F854DF90-FC95-4E65-B497-7334FA3D39E1}.Debug|Any CPU.Build.0 = Debug|Any CPU
		{F854DF90-FC95-4E65-B497-7334FA3D39E1}.Debug|x64.ActiveCfg = Debug|Any CPU
		{F854DF90-FC95-4E65-B497-7334FA3D39E1}.Debug|x64.Build.0 = Debug|Any CPU
		{F854DF90-FC95-4E65-B497-7334FA3D39E1}.Debug|x86.ActiveCfg = Debug|Any CPU
		{F854DF90-FC95-4E65-B497-7334FA3D39E1}.Debug|x86.Build.0 = Debug|Any CPU
		{F854DF90-FC95-4E65-B497-7334FA3D39E1}.Release|Any CPU.ActiveCfg = Release|Any CPU
		{F854DF90-FC95-4E65-B497-7334FA3D39E1}.Release|Any CPU.Build.0 = Release|Any CPU
		{F854DF90-FC95-4E65-B497-7334FA3D39E1}.Release|x64.ActiveCfg = Release|Any CPU
		{F854DF90-FC95-4E65-B497-7334FA3D39E1}.Release|x64.Build.0 = Release|Any CPU
		{F854DF90-FC95-4E65-B497-7334FA3D39E1}.Release|x86.ActiveCfg = Release|Any CPU
		{F854DF90-FC95-4E65-B497-7334FA3D39E1}.Release|x86.Build.0 = Release|Any CPU
		{B8B9F4C7-715E-4DE8-9FB2-47C7BA35A8F9}.Debug|Any CPU.ActiveCfg = Debug|Any CPU
		{B8B9F4C7-715E-4DE8-9FB2-47C7BA35A8F9}.Debug|Any CPU.Build.0 = Debug|Any CPU
		{B8B9F4C7-715E-4DE8-9FB2-47C7BA35A8F9}.Debug|x64.ActiveCfg = Debug|Any CPU
		{B8B9F4C7-715E-4DE8-9FB2-47C7BA35A8F9}.Debug|x64.Build.0 = Debug|Any CPU
		{B8B9F4C7-715E-4DE8-9FB2-47C7BA35A8F9}.Debug|x86.ActiveCfg = Debug|Any CPU
		{B8B9F4C7-715E-4DE8-9FB2-47C7BA35A8F9}.Debug|x86.Build.0 = Debug|Any CPU
		{B8B9F4C7-715E-4DE8-9FB2-47C7BA35A8F9}.Release|Any CPU.ActiveCfg = Release|Any CPU
		{B8B9F4C7-715E-4DE8-9FB2-47C7BA35A8F9}.Release|Any CPU.Build.0 = Release|Any CPU
		{B8B9F4C7-715E-4DE8-9FB2-47C7BA35A8F9}.Release|x64.ActiveCfg = Release|Any CPU
		{B8B9F4C7-715E-4DE8-9FB2-47C7BA35A8F9}.Release|x64.Build.0 = Release|Any CPU
		{B8B9F4C7-715E-4DE8-9FB2-47C7BA35A8F9}.Release|x86.ActiveCfg = Release|Any CPU
		{B8B9F4C7-715E-4DE8-9FB2-47C7BA35A8F9}.Release|x86.Build.0 = Release|Any CPU
		{27B827F9-6C0A-4AB2-923C-C068C114A8D7}.Debug|Any CPU.ActiveCfg = Debug|Any CPU
		{27B827F9-6C0A-4AB2-923C-C068C114A8D7}.Debug|Any CPU.Build.0 = Debug|Any CPU
		{27B827F9-6C0A-4AB2-923C-C068C114A8D7}.Debug|x64.ActiveCfg = Debug|Any CPU
		{27B827F9-6C0A-4AB2-923C-C068C114A8D7}.Debug|x64.Build.0 = Debug|Any CPU
		{27B827F9-6C0A-4AB2-923C-C068C114A8D7}.Debug|x86.ActiveCfg = Debug|Any CPU
		{27B827F9-6C0A-4AB2-923C-C068C114A8D7}.Debug|x86.Build.0 = Debug|Any CPU
		{27B827F9-6C0A-4AB2-923C-C068C114A8D7}.Release|Any CPU.ActiveCfg = Release|Any CPU
		{27B827F9-6C0A-4AB2-923C-C068C114A8D7}.Release|Any CPU.Build.0 = Release|Any CPU
		{27B827F9-6C0A-4AB2-923C-C068C114A8D7}.Release|x64.ActiveCfg = Release|Any CPU
		{27B827F9-6C0A-4AB2-923C-C068C114A8D7}.Release|x64.Build.0 = Release|Any CPU
		{27B827F9-6C0A-4AB2-923C-C068C114A8D7}.Release|x86.ActiveCfg = Release|Any CPU
		{27B827F9-6C0A-4AB2-923C-C068C114A8D7}.Release|x86.Build.0 = Release|Any CPU
		{D9FC9ADC-3FC8-4AC6-8BB8-7C8B73782429}.Debug|Any CPU.ActiveCfg = Debug|Any CPU
		{D9FC9ADC-3FC8-4AC6-8BB8-7C8B73782429}.Debug|Any CPU.Build.0 = Debug|Any CPU
		{D9FC9ADC-3FC8-4AC6-8BB8-7C8B73782429}.Debug|x64.ActiveCfg = Debug|Any CPU
		{D9FC9ADC-3FC8-4AC6-8BB8-7C8B73782429}.Debug|x64.Build.0 = Debug|Any CPU
		{D9FC9ADC-3FC8-4AC6-8BB8-7C8B73782429}.Debug|x86.ActiveCfg = Debug|Any CPU
		{D9FC9ADC-3FC8-4AC6-8BB8-7C8B73782429}.Debug|x86.Build.0 = Debug|Any CPU
		{D9FC9ADC-3FC8-4AC6-8BB8-7C8B73782429}.Release|Any CPU.ActiveCfg = Release|Any CPU
		{D9FC9ADC-3FC8-4AC6-8BB8-7C8B73782429}.Release|Any CPU.Build.0 = Release|Any CPU
		{D9FC9ADC-3FC8-4AC6-8BB8-7C8B73782429}.Release|x64.ActiveCfg = Release|Any CPU
		{D9FC9ADC-3FC8-4AC6-8BB8-7C8B73782429}.Release|x64.Build.0 = Release|Any CPU
		{D9FC9ADC-3FC8-4AC6-8BB8-7C8B73782429}.Release|x86.ActiveCfg = Release|Any CPU
		{D9FC9ADC-3FC8-4AC6-8BB8-7C8B73782429}.Release|x86.Build.0 = Release|Any CPU
		{4BD53F52-E288-4325-B21F-786C6A74C1A1}.Debug|Any CPU.ActiveCfg = Debug|Any CPU
		{4BD53F52-E288-4325-B21F-786C6A74C1A1}.Debug|Any CPU.Build.0 = Debug|Any CPU
		{4BD53F52-E288-4325-B21F-786C6A74C1A1}.Debug|x64.ActiveCfg = Debug|Any CPU
		{4BD53F52-E288-4325-B21F-786C6A74C1A1}.Debug|x64.Build.0 = Debug|Any CPU
		{4BD53F52-E288-4325-B21F-786C6A74C1A1}.Debug|x86.ActiveCfg = Debug|Any CPU
		{4BD53F52-E288-4325-B21F-786C6A74C1A1}.Debug|x86.Build.0 = Debug|Any CPU
		{4BD53F52-E288-4325-B21F-786C6A74C1A1}.Release|Any CPU.ActiveCfg = Release|Any CPU
		{4BD53F52-E288-4325-B21F-786C6A74C1A1}.Release|Any CPU.Build.0 = Release|Any CPU
		{4BD53F52-E288-4325-B21F-786C6A74C1A1}.Release|x64.ActiveCfg = Release|Any CPU
		{4BD53F52-E288-4325-B21F-786C6A74C1A1}.Release|x64.Build.0 = Release|Any CPU
		{4BD53F52-E288-4325-B21F-786C6A74C1A1}.Release|x86.ActiveCfg = Release|Any CPU
		{4BD53F52-E288-4325-B21F-786C6A74C1A1}.Release|x86.Build.0 = Release|Any CPU
		{842DDF5E-A24D-4C8A-BCD1-678C78C55A1D}.Debug|Any CPU.ActiveCfg = Debug|Any CPU
		{842DDF5E-A24D-4C8A-BCD1-678C78C55A1D}.Debug|Any CPU.Build.0 = Debug|Any CPU
		{842DDF5E-A24D-4C8A-BCD1-678C78C55A1D}.Debug|x64.ActiveCfg = Debug|Any CPU
		{842DDF5E-A24D-4C8A-BCD1-678C78C55A1D}.Debug|x64.Build.0 = Debug|Any CPU
		{842DDF5E-A24D-4C8A-BCD1-678C78C55A1D}.Debug|x86.ActiveCfg = Debug|Any CPU
		{842DDF5E-A24D-4C8A-BCD1-678C78C55A1D}.Debug|x86.Build.0 = Debug|Any CPU
		{842DDF5E-A24D-4C8A-BCD1-678C78C55A1D}.Release|Any CPU.ActiveCfg = Release|Any CPU
		{842DDF5E-A24D-4C8A-BCD1-678C78C55A1D}.Release|Any CPU.Build.0 = Release|Any CPU
		{842DDF5E-A24D-4C8A-BCD1-678C78C55A1D}.Release|x64.ActiveCfg = Release|Any CPU
		{842DDF5E-A24D-4C8A-BCD1-678C78C55A1D}.Release|x64.Build.0 = Release|Any CPU
		{842DDF5E-A24D-4C8A-BCD1-678C78C55A1D}.Release|x86.ActiveCfg = Release|Any CPU
		{842DDF5E-A24D-4C8A-BCD1-678C78C55A1D}.Release|x86.Build.0 = Release|Any CPU
		{E4137C53-A4F4-4A2B-A983-968ADD0F3D3E}.Debug|Any CPU.ActiveCfg = Debug|Any CPU
		{E4137C53-A4F4-4A2B-A983-968ADD0F3D3E}.Debug|Any CPU.Build.0 = Debug|Any CPU
		{E4137C53-A4F4-4A2B-A983-968ADD0F3D3E}.Debug|x64.ActiveCfg = Debug|Any CPU
		{E4137C53-A4F4-4A2B-A983-968ADD0F3D3E}.Debug|x64.Build.0 = Debug|Any CPU
		{E4137C53-A4F4-4A2B-A983-968ADD0F3D3E}.Debug|x86.ActiveCfg = Debug|Any CPU
		{E4137C53-A4F4-4A2B-A983-968ADD0F3D3E}.Debug|x86.Build.0 = Debug|Any CPU
		{E4137C53-A4F4-4A2B-A983-968ADD0F3D3E}.Release|Any CPU.ActiveCfg = Release|Any CPU
		{E4137C53-A4F4-4A2B-A983-968ADD0F3D3E}.Release|Any CPU.Build.0 = Release|Any CPU
		{E4137C53-A4F4-4A2B-A983-968ADD0F3D3E}.Release|x64.ActiveCfg = Release|Any CPU
		{E4137C53-A4F4-4A2B-A983-968ADD0F3D3E}.Release|x64.Build.0 = Release|Any CPU
		{E4137C53-A4F4-4A2B-A983-968ADD0F3D3E}.Release|x86.ActiveCfg = Release|Any CPU
		{E4137C53-A4F4-4A2B-A983-968ADD0F3D3E}.Release|x86.Build.0 = Release|Any CPU
		{16C881FD-3F26-4966-85F3-05BAAECFC496}.Debug|Any CPU.ActiveCfg = Debug|Any CPU
		{16C881FD-3F26-4966-85F3-05BAAECFC496}.Debug|Any CPU.Build.0 = Debug|Any CPU
		{16C881FD-3F26-4966-85F3-05BAAECFC496}.Debug|x64.ActiveCfg = Debug|Any CPU
		{16C881FD-3F26-4966-85F3-05BAAECFC496}.Debug|x64.Build.0 = Debug|Any CPU
		{16C881FD-3F26-4966-85F3-05BAAECFC496}.Debug|x86.ActiveCfg = Debug|Any CPU
		{16C881FD-3F26-4966-85F3-05BAAECFC496}.Debug|x86.Build.0 = Debug|Any CPU
		{16C881FD-3F26-4966-85F3-05BAAECFC496}.Release|Any CPU.ActiveCfg = Release|Any CPU
		{16C881FD-3F26-4966-85F3-05BAAECFC496}.Release|Any CPU.Build.0 = Release|Any CPU
		{16C881FD-3F26-4966-85F3-05BAAECFC496}.Release|x64.ActiveCfg = Release|Any CPU
		{16C881FD-3F26-4966-85F3-05BAAECFC496}.Release|x64.Build.0 = Release|Any CPU
		{16C881FD-3F26-4966-85F3-05BAAECFC496}.Release|x86.ActiveCfg = Release|Any CPU
		{16C881FD-3F26-4966-85F3-05BAAECFC496}.Release|x86.Build.0 = Release|Any CPU
		{DD77D0C4-E314-4911-B3C7-B87A8A53A94A}.Debug|Any CPU.ActiveCfg = Debug|Any CPU
		{DD77D0C4-E314-4911-B3C7-B87A8A53A94A}.Debug|Any CPU.Build.0 = Debug|Any CPU
		{DD77D0C4-E314-4911-B3C7-B87A8A53A94A}.Debug|x64.ActiveCfg = Debug|Any CPU
		{DD77D0C4-E314-4911-B3C7-B87A8A53A94A}.Debug|x64.Build.0 = Debug|Any CPU
		{DD77D0C4-E314-4911-B3C7-B87A8A53A94A}.Debug|x86.ActiveCfg = Debug|Any CPU
		{DD77D0C4-E314-4911-B3C7-B87A8A53A94A}.Debug|x86.Build.0 = Debug|Any CPU
		{DD77D0C4-E314-4911-B3C7-B87A8A53A94A}.Release|Any CPU.ActiveCfg = Release|Any CPU
		{DD77D0C4-E314-4911-B3C7-B87A8A53A94A}.Release|Any CPU.Build.0 = Release|Any CPU
		{DD77D0C4-E314-4911-B3C7-B87A8A53A94A}.Release|x64.ActiveCfg = Release|Any CPU
		{DD77D0C4-E314-4911-B3C7-B87A8A53A94A}.Release|x64.Build.0 = Release|Any CPU
		{DD77D0C4-E314-4911-B3C7-B87A8A53A94A}.Release|x86.ActiveCfg = Release|Any CPU
		{DD77D0C4-E314-4911-B3C7-B87A8A53A94A}.Release|x86.Build.0 = Release|Any CPU
		{126CE3EA-3FEF-4E2E-8F96-18D68C09B878}.Debug|Any CPU.ActiveCfg = Debug|Any CPU
		{126CE3EA-3FEF-4E2E-8F96-18D68C09B878}.Debug|Any CPU.Build.0 = Debug|Any CPU
		{126CE3EA-3FEF-4E2E-8F96-18D68C09B878}.Debug|x64.ActiveCfg = Debug|Any CPU
		{126CE3EA-3FEF-4E2E-8F96-18D68C09B878}.Debug|x64.Build.0 = Debug|Any CPU
		{126CE3EA-3FEF-4E2E-8F96-18D68C09B878}.Debug|x86.ActiveCfg = Debug|Any CPU
		{126CE3EA-3FEF-4E2E-8F96-18D68C09B878}.Debug|x86.Build.0 = Debug|Any CPU
		{126CE3EA-3FEF-4E2E-8F96-18D68C09B878}.Release|Any CPU.ActiveCfg = Release|Any CPU
		{126CE3EA-3FEF-4E2E-8F96-18D68C09B878}.Release|Any CPU.Build.0 = Release|Any CPU
		{126CE3EA-3FEF-4E2E-8F96-18D68C09B878}.Release|x64.ActiveCfg = Release|Any CPU
		{126CE3EA-3FEF-4E2E-8F96-18D68C09B878}.Release|x64.Build.0 = Release|Any CPU
		{126CE3EA-3FEF-4E2E-8F96-18D68C09B878}.Release|x86.ActiveCfg = Release|Any CPU
		{126CE3EA-3FEF-4E2E-8F96-18D68C09B878}.Release|x86.Build.0 = Release|Any CPU
		{CFD9309C-29C0-44E9-9B76-C86967F6D90C}.Debug|Any CPU.ActiveCfg = Debug|Any CPU
		{CFD9309C-29C0-44E9-9B76-C86967F6D90C}.Debug|Any CPU.Build.0 = Debug|Any CPU
		{CFD9309C-29C0-44E9-9B76-C86967F6D90C}.Debug|x64.ActiveCfg = Debug|Any CPU
		{CFD9309C-29C0-44E9-9B76-C86967F6D90C}.Debug|x64.Build.0 = Debug|Any CPU
		{CFD9309C-29C0-44E9-9B76-C86967F6D90C}.Debug|x86.ActiveCfg = Debug|Any CPU
		{CFD9309C-29C0-44E9-9B76-C86967F6D90C}.Debug|x86.Build.0 = Debug|Any CPU
		{CFD9309C-29C0-44E9-9B76-C86967F6D90C}.Release|Any CPU.ActiveCfg = Release|Any CPU
		{CFD9309C-29C0-44E9-9B76-C86967F6D90C}.Release|Any CPU.Build.0 = Release|Any CPU
		{CFD9309C-29C0-44E9-9B76-C86967F6D90C}.Release|x64.ActiveCfg = Release|Any CPU
		{CFD9309C-29C0-44E9-9B76-C86967F6D90C}.Release|x64.Build.0 = Release|Any CPU
		{CFD9309C-29C0-44E9-9B76-C86967F6D90C}.Release|x86.ActiveCfg = Release|Any CPU
		{CFD9309C-29C0-44E9-9B76-C86967F6D90C}.Release|x86.Build.0 = Release|Any CPU
		{91C24E11-24B8-4C8A-8077-8177073D396C}.Debug|Any CPU.ActiveCfg = Debug|Any CPU
		{91C24E11-24B8-4C8A-8077-8177073D396C}.Debug|Any CPU.Build.0 = Debug|Any CPU
		{91C24E11-24B8-4C8A-8077-8177073D396C}.Debug|x64.ActiveCfg = Debug|Any CPU
		{91C24E11-24B8-4C8A-8077-8177073D396C}.Debug|x64.Build.0 = Debug|Any CPU
		{91C24E11-24B8-4C8A-8077-8177073D396C}.Debug|x86.ActiveCfg = Debug|Any CPU
		{91C24E11-24B8-4C8A-8077-8177073D396C}.Debug|x86.Build.0 = Debug|Any CPU
		{91C24E11-24B8-4C8A-8077-8177073D396C}.Release|Any CPU.ActiveCfg = Release|Any CPU
		{91C24E11-24B8-4C8A-8077-8177073D396C}.Release|Any CPU.Build.0 = Release|Any CPU
		{91C24E11-24B8-4C8A-8077-8177073D396C}.Release|x64.ActiveCfg = Release|Any CPU
		{91C24E11-24B8-4C8A-8077-8177073D396C}.Release|x64.Build.0 = Release|Any CPU
		{91C24E11-24B8-4C8A-8077-8177073D396C}.Release|x86.ActiveCfg = Release|Any CPU
		{91C24E11-24B8-4C8A-8077-8177073D396C}.Release|x86.Build.0 = Release|Any CPU
		{56C091F2-03B6-4EF9-B460-45656D5E0EED}.Debug|Any CPU.ActiveCfg = Debug|Any CPU
		{56C091F2-03B6-4EF9-B460-45656D5E0EED}.Debug|Any CPU.Build.0 = Debug|Any CPU
		{56C091F2-03B6-4EF9-B460-45656D5E0EED}.Debug|x64.ActiveCfg = Debug|Any CPU
		{56C091F2-03B6-4EF9-B460-45656D5E0EED}.Debug|x64.Build.0 = Debug|Any CPU
		{56C091F2-03B6-4EF9-B460-45656D5E0EED}.Debug|x86.ActiveCfg = Debug|Any CPU
		{56C091F2-03B6-4EF9-B460-45656D5E0EED}.Debug|x86.Build.0 = Debug|Any CPU
		{56C091F2-03B6-4EF9-B460-45656D5E0EED}.Release|Any CPU.ActiveCfg = Release|Any CPU
		{56C091F2-03B6-4EF9-B460-45656D5E0EED}.Release|Any CPU.Build.0 = Release|Any CPU
		{56C091F2-03B6-4EF9-B460-45656D5E0EED}.Release|x64.ActiveCfg = Release|Any CPU
		{56C091F2-03B6-4EF9-B460-45656D5E0EED}.Release|x64.Build.0 = Release|Any CPU
		{56C091F2-03B6-4EF9-B460-45656D5E0EED}.Release|x86.ActiveCfg = Release|Any CPU
		{56C091F2-03B6-4EF9-B460-45656D5E0EED}.Release|x86.Build.0 = Release|Any CPU
		{50B50B93-5535-4348-9C63-35329B76ED90}.Debug|Any CPU.ActiveCfg = Debug|Any CPU
		{50B50B93-5535-4348-9C63-35329B76ED90}.Debug|Any CPU.Build.0 = Debug|Any CPU
		{50B50B93-5535-4348-9C63-35329B76ED90}.Debug|x64.ActiveCfg = Debug|Any CPU
		{50B50B93-5535-4348-9C63-35329B76ED90}.Debug|x64.Build.0 = Debug|Any CPU
		{50B50B93-5535-4348-9C63-35329B76ED90}.Debug|x86.ActiveCfg = Debug|Any CPU
		{50B50B93-5535-4348-9C63-35329B76ED90}.Debug|x86.Build.0 = Debug|Any CPU
		{50B50B93-5535-4348-9C63-35329B76ED90}.Release|Any CPU.ActiveCfg = Release|Any CPU
		{50B50B93-5535-4348-9C63-35329B76ED90}.Release|Any CPU.Build.0 = Release|Any CPU
		{50B50B93-5535-4348-9C63-35329B76ED90}.Release|x64.ActiveCfg = Release|Any CPU
		{50B50B93-5535-4348-9C63-35329B76ED90}.Release|x64.Build.0 = Release|Any CPU
		{50B50B93-5535-4348-9C63-35329B76ED90}.Release|x86.ActiveCfg = Release|Any CPU
		{50B50B93-5535-4348-9C63-35329B76ED90}.Release|x86.Build.0 = Release|Any CPU
		{1B0102A6-C20F-4926-96CA-B4A41A75D822}.Debug|Any CPU.ActiveCfg = Debug|Any CPU
		{1B0102A6-C20F-4926-96CA-B4A41A75D822}.Debug|Any CPU.Build.0 = Debug|Any CPU
		{1B0102A6-C20F-4926-96CA-B4A41A75D822}.Debug|x64.ActiveCfg = Debug|Any CPU
		{1B0102A6-C20F-4926-96CA-B4A41A75D822}.Debug|x64.Build.0 = Debug|Any CPU
		{1B0102A6-C20F-4926-96CA-B4A41A75D822}.Debug|x86.ActiveCfg = Debug|Any CPU
		{1B0102A6-C20F-4926-96CA-B4A41A75D822}.Debug|x86.Build.0 = Debug|Any CPU
		{1B0102A6-C20F-4926-96CA-B4A41A75D822}.Release|Any CPU.ActiveCfg = Release|Any CPU
		{1B0102A6-C20F-4926-96CA-B4A41A75D822}.Release|Any CPU.Build.0 = Release|Any CPU
		{1B0102A6-C20F-4926-96CA-B4A41A75D822}.Release|x64.ActiveCfg = Release|Any CPU
		{1B0102A6-C20F-4926-96CA-B4A41A75D822}.Release|x64.Build.0 = Release|Any CPU
		{1B0102A6-C20F-4926-96CA-B4A41A75D822}.Release|x86.ActiveCfg = Release|Any CPU
		{1B0102A6-C20F-4926-96CA-B4A41A75D822}.Release|x86.Build.0 = Release|Any CPU
		{1F36A691-B97F-455D-A8C3-8BF66835CA7B}.Debug|Any CPU.ActiveCfg = Debug|Any CPU
		{1F36A691-B97F-455D-A8C3-8BF66835CA7B}.Debug|Any CPU.Build.0 = Debug|Any CPU
		{1F36A691-B97F-455D-A8C3-8BF66835CA7B}.Debug|x64.ActiveCfg = Debug|Any CPU
		{1F36A691-B97F-455D-A8C3-8BF66835CA7B}.Debug|x64.Build.0 = Debug|Any CPU
		{1F36A691-B97F-455D-A8C3-8BF66835CA7B}.Debug|x86.ActiveCfg = Debug|Any CPU
		{1F36A691-B97F-455D-A8C3-8BF66835CA7B}.Debug|x86.Build.0 = Debug|Any CPU
		{1F36A691-B97F-455D-A8C3-8BF66835CA7B}.Release|Any CPU.ActiveCfg = Release|Any CPU
		{1F36A691-B97F-455D-A8C3-8BF66835CA7B}.Release|Any CPU.Build.0 = Release|Any CPU
		{1F36A691-B97F-455D-A8C3-8BF66835CA7B}.Release|x64.ActiveCfg = Release|Any CPU
		{1F36A691-B97F-455D-A8C3-8BF66835CA7B}.Release|x64.Build.0 = Release|Any CPU
		{1F36A691-B97F-455D-A8C3-8BF66835CA7B}.Release|x86.ActiveCfg = Release|Any CPU
		{1F36A691-B97F-455D-A8C3-8BF66835CA7B}.Release|x86.Build.0 = Release|Any CPU
		{4C0DE338-93B6-4309-91CC-32390C89C62A}.Debug|Any CPU.ActiveCfg = Debug|Any CPU
		{4C0DE338-93B6-4309-91CC-32390C89C62A}.Debug|Any CPU.Build.0 = Debug|Any CPU
		{4C0DE338-93B6-4309-91CC-32390C89C62A}.Debug|x64.ActiveCfg = Debug|Any CPU
		{4C0DE338-93B6-4309-91CC-32390C89C62A}.Debug|x64.Build.0 = Debug|Any CPU
		{4C0DE338-93B6-4309-91CC-32390C89C62A}.Debug|x86.ActiveCfg = Debug|Any CPU
		{4C0DE338-93B6-4309-91CC-32390C89C62A}.Debug|x86.Build.0 = Debug|Any CPU
		{4C0DE338-93B6-4309-91CC-32390C89C62A}.Release|Any CPU.ActiveCfg = Release|Any CPU
		{4C0DE338-93B6-4309-91CC-32390C89C62A}.Release|Any CPU.Build.0 = Release|Any CPU
		{4C0DE338-93B6-4309-91CC-32390C89C62A}.Release|x64.ActiveCfg = Release|Any CPU
		{4C0DE338-93B6-4309-91CC-32390C89C62A}.Release|x64.Build.0 = Release|Any CPU
		{4C0DE338-93B6-4309-91CC-32390C89C62A}.Release|x86.ActiveCfg = Release|Any CPU
		{4C0DE338-93B6-4309-91CC-32390C89C62A}.Release|x86.Build.0 = Release|Any CPU
		{B9DBBC14-5BCA-41DD-B7B4-8B22BF6139AA}.Debug|Any CPU.ActiveCfg = Debug|Any CPU
		{B9DBBC14-5BCA-41DD-B7B4-8B22BF6139AA}.Debug|Any CPU.Build.0 = Debug|Any CPU
		{B9DBBC14-5BCA-41DD-B7B4-8B22BF6139AA}.Debug|x64.ActiveCfg = Debug|Any CPU
		{B9DBBC14-5BCA-41DD-B7B4-8B22BF6139AA}.Debug|x64.Build.0 = Debug|Any CPU
		{B9DBBC14-5BCA-41DD-B7B4-8B22BF6139AA}.Debug|x86.ActiveCfg = Debug|Any CPU
		{B9DBBC14-5BCA-41DD-B7B4-8B22BF6139AA}.Debug|x86.Build.0 = Debug|Any CPU
		{B9DBBC14-5BCA-41DD-B7B4-8B22BF6139AA}.Release|Any CPU.ActiveCfg = Release|Any CPU
		{B9DBBC14-5BCA-41DD-B7B4-8B22BF6139AA}.Release|Any CPU.Build.0 = Release|Any CPU
		{B9DBBC14-5BCA-41DD-B7B4-8B22BF6139AA}.Release|x64.ActiveCfg = Release|Any CPU
		{B9DBBC14-5BCA-41DD-B7B4-8B22BF6139AA}.Release|x64.Build.0 = Release|Any CPU
		{B9DBBC14-5BCA-41DD-B7B4-8B22BF6139AA}.Release|x86.ActiveCfg = Release|Any CPU
		{B9DBBC14-5BCA-41DD-B7B4-8B22BF6139AA}.Release|x86.Build.0 = Release|Any CPU
		{57C97CE2-BCE4-4786-AD2C-796995EE5967}.Debug|Any CPU.ActiveCfg = Debug|Any CPU
		{57C97CE2-BCE4-4786-AD2C-796995EE5967}.Debug|Any CPU.Build.0 = Debug|Any CPU
		{57C97CE2-BCE4-4786-AD2C-796995EE5967}.Debug|x64.ActiveCfg = Debug|Any CPU
		{57C97CE2-BCE4-4786-AD2C-796995EE5967}.Debug|x64.Build.0 = Debug|Any CPU
		{57C97CE2-BCE4-4786-AD2C-796995EE5967}.Debug|x86.ActiveCfg = Debug|Any CPU
		{57C97CE2-BCE4-4786-AD2C-796995EE5967}.Debug|x86.Build.0 = Debug|Any CPU
		{57C97CE2-BCE4-4786-AD2C-796995EE5967}.Release|Any CPU.ActiveCfg = Release|Any CPU
		{57C97CE2-BCE4-4786-AD2C-796995EE5967}.Release|Any CPU.Build.0 = Release|Any CPU
		{57C97CE2-BCE4-4786-AD2C-796995EE5967}.Release|x64.ActiveCfg = Release|Any CPU
		{57C97CE2-BCE4-4786-AD2C-796995EE5967}.Release|x64.Build.0 = Release|Any CPU
		{57C97CE2-BCE4-4786-AD2C-796995EE5967}.Release|x86.ActiveCfg = Release|Any CPU
		{57C97CE2-BCE4-4786-AD2C-796995EE5967}.Release|x86.Build.0 = Release|Any CPU
		{E38409BF-1319-425F-87EC-86425A5501DD}.Debug|Any CPU.ActiveCfg = Debug|Any CPU
		{E38409BF-1319-425F-87EC-86425A5501DD}.Debug|Any CPU.Build.0 = Debug|Any CPU
		{E38409BF-1319-425F-87EC-86425A5501DD}.Debug|x64.ActiveCfg = Debug|Any CPU
		{E38409BF-1319-425F-87EC-86425A5501DD}.Debug|x64.Build.0 = Debug|Any CPU
		{E38409BF-1319-425F-87EC-86425A5501DD}.Debug|x86.ActiveCfg = Debug|Any CPU
		{E38409BF-1319-425F-87EC-86425A5501DD}.Debug|x86.Build.0 = Debug|Any CPU
		{E38409BF-1319-425F-87EC-86425A5501DD}.Release|Any CPU.ActiveCfg = Release|Any CPU
		{E38409BF-1319-425F-87EC-86425A5501DD}.Release|Any CPU.Build.0 = Release|Any CPU
		{E38409BF-1319-425F-87EC-86425A5501DD}.Release|x64.ActiveCfg = Release|Any CPU
		{E38409BF-1319-425F-87EC-86425A5501DD}.Release|x64.Build.0 = Release|Any CPU
		{E38409BF-1319-425F-87EC-86425A5501DD}.Release|x86.ActiveCfg = Release|Any CPU
		{E38409BF-1319-425F-87EC-86425A5501DD}.Release|x86.Build.0 = Release|Any CPU
		{2A4C1AFE-3333-489A-AD3E-EAC689108BC0}.Debug|Any CPU.ActiveCfg = Debug|Any CPU
		{2A4C1AFE-3333-489A-AD3E-EAC689108BC0}.Debug|Any CPU.Build.0 = Debug|Any CPU
		{2A4C1AFE-3333-489A-AD3E-EAC689108BC0}.Debug|x64.ActiveCfg = Debug|Any CPU
		{2A4C1AFE-3333-489A-AD3E-EAC689108BC0}.Debug|x64.Build.0 = Debug|Any CPU
		{2A4C1AFE-3333-489A-AD3E-EAC689108BC0}.Debug|x86.ActiveCfg = Debug|Any CPU
		{2A4C1AFE-3333-489A-AD3E-EAC689108BC0}.Debug|x86.Build.0 = Debug|Any CPU
		{2A4C1AFE-3333-489A-AD3E-EAC689108BC0}.Release|Any CPU.ActiveCfg = Release|Any CPU
		{2A4C1AFE-3333-489A-AD3E-EAC689108BC0}.Release|Any CPU.Build.0 = Release|Any CPU
		{2A4C1AFE-3333-489A-AD3E-EAC689108BC0}.Release|x64.ActiveCfg = Release|Any CPU
		{2A4C1AFE-3333-489A-AD3E-EAC689108BC0}.Release|x64.Build.0 = Release|Any CPU
		{2A4C1AFE-3333-489A-AD3E-EAC689108BC0}.Release|x86.ActiveCfg = Release|Any CPU
		{2A4C1AFE-3333-489A-AD3E-EAC689108BC0}.Release|x86.Build.0 = Release|Any CPU
		{99461FB5-1A9D-4865-BDEA-320C4F92F8AA}.Debug|Any CPU.ActiveCfg = Debug|Any CPU
		{99461FB5-1A9D-4865-BDEA-320C4F92F8AA}.Debug|Any CPU.Build.0 = Debug|Any CPU
		{99461FB5-1A9D-4865-BDEA-320C4F92F8AA}.Debug|x64.ActiveCfg = Debug|Any CPU
		{99461FB5-1A9D-4865-BDEA-320C4F92F8AA}.Debug|x64.Build.0 = Debug|Any CPU
		{99461FB5-1A9D-4865-BDEA-320C4F92F8AA}.Debug|x86.ActiveCfg = Debug|Any CPU
		{99461FB5-1A9D-4865-BDEA-320C4F92F8AA}.Debug|x86.Build.0 = Debug|Any CPU
		{99461FB5-1A9D-4865-BDEA-320C4F92F8AA}.Release|Any CPU.ActiveCfg = Release|Any CPU
		{99461FB5-1A9D-4865-BDEA-320C4F92F8AA}.Release|Any CPU.Build.0 = Release|Any CPU
		{99461FB5-1A9D-4865-BDEA-320C4F92F8AA}.Release|x64.ActiveCfg = Release|Any CPU
		{99461FB5-1A9D-4865-BDEA-320C4F92F8AA}.Release|x64.Build.0 = Release|Any CPU
		{99461FB5-1A9D-4865-BDEA-320C4F92F8AA}.Release|x86.ActiveCfg = Release|Any CPU
		{99461FB5-1A9D-4865-BDEA-320C4F92F8AA}.Release|x86.Build.0 = Release|Any CPU
		{FAA5A3DE-EDDA-4EA6-9BE3-BF49C067E52D}.Debug|Any CPU.ActiveCfg = Debug|Any CPU
		{FAA5A3DE-EDDA-4EA6-9BE3-BF49C067E52D}.Debug|Any CPU.Build.0 = Debug|Any CPU
		{FAA5A3DE-EDDA-4EA6-9BE3-BF49C067E52D}.Debug|x64.ActiveCfg = Debug|Any CPU
		{FAA5A3DE-EDDA-4EA6-9BE3-BF49C067E52D}.Debug|x64.Build.0 = Debug|Any CPU
		{FAA5A3DE-EDDA-4EA6-9BE3-BF49C067E52D}.Debug|x86.ActiveCfg = Debug|Any CPU
		{FAA5A3DE-EDDA-4EA6-9BE3-BF49C067E52D}.Debug|x86.Build.0 = Debug|Any CPU
		{FAA5A3DE-EDDA-4EA6-9BE3-BF49C067E52D}.Release|Any CPU.ActiveCfg = Release|Any CPU
		{FAA5A3DE-EDDA-4EA6-9BE3-BF49C067E52D}.Release|Any CPU.Build.0 = Release|Any CPU
		{FAA5A3DE-EDDA-4EA6-9BE3-BF49C067E52D}.Release|x64.ActiveCfg = Release|Any CPU
		{FAA5A3DE-EDDA-4EA6-9BE3-BF49C067E52D}.Release|x64.Build.0 = Release|Any CPU
		{FAA5A3DE-EDDA-4EA6-9BE3-BF49C067E52D}.Release|x86.ActiveCfg = Release|Any CPU
		{FAA5A3DE-EDDA-4EA6-9BE3-BF49C067E52D}.Release|x86.Build.0 = Release|Any CPU
		{A49A05B3-F987-4E40-BED0-A9AD8C5116AD}.Debug|Any CPU.ActiveCfg = Debug|Any CPU
		{A49A05B3-F987-4E40-BED0-A9AD8C5116AD}.Debug|Any CPU.Build.0 = Debug|Any CPU
		{A49A05B3-F987-4E40-BED0-A9AD8C5116AD}.Debug|x64.ActiveCfg = Debug|Any CPU
		{A49A05B3-F987-4E40-BED0-A9AD8C5116AD}.Debug|x64.Build.0 = Debug|Any CPU
		{A49A05B3-F987-4E40-BED0-A9AD8C5116AD}.Debug|x86.ActiveCfg = Debug|Any CPU
		{A49A05B3-F987-4E40-BED0-A9AD8C5116AD}.Debug|x86.Build.0 = Debug|Any CPU
		{A49A05B3-F987-4E40-BED0-A9AD8C5116AD}.Release|Any CPU.ActiveCfg = Release|Any CPU
		{A49A05B3-F987-4E40-BED0-A9AD8C5116AD}.Release|Any CPU.Build.0 = Release|Any CPU
		{A49A05B3-F987-4E40-BED0-A9AD8C5116AD}.Release|x64.ActiveCfg = Release|Any CPU
		{A49A05B3-F987-4E40-BED0-A9AD8C5116AD}.Release|x64.Build.0 = Release|Any CPU
		{A49A05B3-F987-4E40-BED0-A9AD8C5116AD}.Release|x86.ActiveCfg = Release|Any CPU
		{A49A05B3-F987-4E40-BED0-A9AD8C5116AD}.Release|x86.Build.0 = Release|Any CPU
		{5BA3C50C-C430-4621-A0A3-170448C8EE7E}.Debug|Any CPU.ActiveCfg = Debug|Any CPU
		{5BA3C50C-C430-4621-A0A3-170448C8EE7E}.Debug|Any CPU.Build.0 = Debug|Any CPU
		{5BA3C50C-C430-4621-A0A3-170448C8EE7E}.Debug|x64.ActiveCfg = Debug|Any CPU
		{5BA3C50C-C430-4621-A0A3-170448C8EE7E}.Debug|x64.Build.0 = Debug|Any CPU
		{5BA3C50C-C430-4621-A0A3-170448C8EE7E}.Debug|x86.ActiveCfg = Debug|Any CPU
		{5BA3C50C-C430-4621-A0A3-170448C8EE7E}.Debug|x86.Build.0 = Debug|Any CPU
		{5BA3C50C-C430-4621-A0A3-170448C8EE7E}.Release|Any CPU.ActiveCfg = Release|Any CPU
		{5BA3C50C-C430-4621-A0A3-170448C8EE7E}.Release|Any CPU.Build.0 = Release|Any CPU
		{5BA3C50C-C430-4621-A0A3-170448C8EE7E}.Release|x64.ActiveCfg = Release|Any CPU
		{5BA3C50C-C430-4621-A0A3-170448C8EE7E}.Release|x64.Build.0 = Release|Any CPU
		{5BA3C50C-C430-4621-A0A3-170448C8EE7E}.Release|x86.ActiveCfg = Release|Any CPU
		{5BA3C50C-C430-4621-A0A3-170448C8EE7E}.Release|x86.Build.0 = Release|Any CPU
		{6F972B59-27EB-4BFD-B3B8-32D38AFC8E35}.Debug|Any CPU.ActiveCfg = Debug|Any CPU
		{6F972B59-27EB-4BFD-B3B8-32D38AFC8E35}.Debug|Any CPU.Build.0 = Debug|Any CPU
		{6F972B59-27EB-4BFD-B3B8-32D38AFC8E35}.Debug|x64.ActiveCfg = Debug|Any CPU
		{6F972B59-27EB-4BFD-B3B8-32D38AFC8E35}.Debug|x64.Build.0 = Debug|Any CPU
		{6F972B59-27EB-4BFD-B3B8-32D38AFC8E35}.Debug|x86.ActiveCfg = Debug|Any CPU
		{6F972B59-27EB-4BFD-B3B8-32D38AFC8E35}.Debug|x86.Build.0 = Debug|Any CPU
		{6F972B59-27EB-4BFD-B3B8-32D38AFC8E35}.Release|Any CPU.ActiveCfg = Release|Any CPU
		{6F972B59-27EB-4BFD-B3B8-32D38AFC8E35}.Release|Any CPU.Build.0 = Release|Any CPU
		{6F972B59-27EB-4BFD-B3B8-32D38AFC8E35}.Release|x64.ActiveCfg = Release|Any CPU
		{6F972B59-27EB-4BFD-B3B8-32D38AFC8E35}.Release|x64.Build.0 = Release|Any CPU
		{6F972B59-27EB-4BFD-B3B8-32D38AFC8E35}.Release|x86.ActiveCfg = Release|Any CPU
		{6F972B59-27EB-4BFD-B3B8-32D38AFC8E35}.Release|x86.Build.0 = Release|Any CPU
		{8488BC7A-E4F9-412A-9452-3D82C941DE99}.Debug|Any CPU.ActiveCfg = Debug|Any CPU
		{8488BC7A-E4F9-412A-9452-3D82C941DE99}.Debug|Any CPU.Build.0 = Debug|Any CPU
		{8488BC7A-E4F9-412A-9452-3D82C941DE99}.Debug|x64.ActiveCfg = Debug|Any CPU
		{8488BC7A-E4F9-412A-9452-3D82C941DE99}.Debug|x64.Build.0 = Debug|Any CPU
		{8488BC7A-E4F9-412A-9452-3D82C941DE99}.Debug|x86.ActiveCfg = Debug|Any CPU
		{8488BC7A-E4F9-412A-9452-3D82C941DE99}.Debug|x86.Build.0 = Debug|Any CPU
		{8488BC7A-E4F9-412A-9452-3D82C941DE99}.Release|Any CPU.ActiveCfg = Release|Any CPU
		{8488BC7A-E4F9-412A-9452-3D82C941DE99}.Release|Any CPU.Build.0 = Release|Any CPU
		{8488BC7A-E4F9-412A-9452-3D82C941DE99}.Release|x64.ActiveCfg = Release|Any CPU
		{8488BC7A-E4F9-412A-9452-3D82C941DE99}.Release|x64.Build.0 = Release|Any CPU
		{8488BC7A-E4F9-412A-9452-3D82C941DE99}.Release|x86.ActiveCfg = Release|Any CPU
		{8488BC7A-E4F9-412A-9452-3D82C941DE99}.Release|x86.Build.0 = Release|Any CPU
		{502D14DC-28BF-4F6A-8039-01CD696375E1}.Debug|Any CPU.ActiveCfg = Debug|Any CPU
		{502D14DC-28BF-4F6A-8039-01CD696375E1}.Debug|Any CPU.Build.0 = Debug|Any CPU
		{502D14DC-28BF-4F6A-8039-01CD696375E1}.Debug|x64.ActiveCfg = Debug|Any CPU
		{502D14DC-28BF-4F6A-8039-01CD696375E1}.Debug|x64.Build.0 = Debug|Any CPU
		{502D14DC-28BF-4F6A-8039-01CD696375E1}.Debug|x86.ActiveCfg = Debug|Any CPU
		{502D14DC-28BF-4F6A-8039-01CD696375E1}.Debug|x86.Build.0 = Debug|Any CPU
		{502D14DC-28BF-4F6A-8039-01CD696375E1}.Release|Any CPU.ActiveCfg = Release|Any CPU
		{502D14DC-28BF-4F6A-8039-01CD696375E1}.Release|Any CPU.Build.0 = Release|Any CPU
		{502D14DC-28BF-4F6A-8039-01CD696375E1}.Release|x64.ActiveCfg = Release|Any CPU
		{502D14DC-28BF-4F6A-8039-01CD696375E1}.Release|x64.Build.0 = Release|Any CPU
		{502D14DC-28BF-4F6A-8039-01CD696375E1}.Release|x86.ActiveCfg = Release|Any CPU
		{502D14DC-28BF-4F6A-8039-01CD696375E1}.Release|x86.Build.0 = Release|Any CPU
		{16FB4552-9E73-40D0-B6EB-0B24399774FD}.Debug|Any CPU.ActiveCfg = Debug|Any CPU
		{16FB4552-9E73-40D0-B6EB-0B24399774FD}.Debug|Any CPU.Build.0 = Debug|Any CPU
		{16FB4552-9E73-40D0-B6EB-0B24399774FD}.Debug|x64.ActiveCfg = Debug|Any CPU
		{16FB4552-9E73-40D0-B6EB-0B24399774FD}.Debug|x64.Build.0 = Debug|Any CPU
		{16FB4552-9E73-40D0-B6EB-0B24399774FD}.Debug|x86.ActiveCfg = Debug|Any CPU
		{16FB4552-9E73-40D0-B6EB-0B24399774FD}.Debug|x86.Build.0 = Debug|Any CPU
		{16FB4552-9E73-40D0-B6EB-0B24399774FD}.Release|Any CPU.ActiveCfg = Release|Any CPU
		{16FB4552-9E73-40D0-B6EB-0B24399774FD}.Release|Any CPU.Build.0 = Release|Any CPU
		{16FB4552-9E73-40D0-B6EB-0B24399774FD}.Release|x64.ActiveCfg = Release|Any CPU
		{16FB4552-9E73-40D0-B6EB-0B24399774FD}.Release|x64.Build.0 = Release|Any CPU
		{16FB4552-9E73-40D0-B6EB-0B24399774FD}.Release|x86.ActiveCfg = Release|Any CPU
		{16FB4552-9E73-40D0-B6EB-0B24399774FD}.Release|x86.Build.0 = Release|Any CPU
		{EB5EEEA6-7B5E-43F2-8BF7-D560EC07D322}.Debug|Any CPU.ActiveCfg = Debug|Any CPU
		{EB5EEEA6-7B5E-43F2-8BF7-D560EC07D322}.Debug|Any CPU.Build.0 = Debug|Any CPU
		{EB5EEEA6-7B5E-43F2-8BF7-D560EC07D322}.Debug|x64.ActiveCfg = Debug|Any CPU
		{EB5EEEA6-7B5E-43F2-8BF7-D560EC07D322}.Debug|x64.Build.0 = Debug|Any CPU
		{EB5EEEA6-7B5E-43F2-8BF7-D560EC07D322}.Debug|x86.ActiveCfg = Debug|Any CPU
		{EB5EEEA6-7B5E-43F2-8BF7-D560EC07D322}.Debug|x86.Build.0 = Debug|Any CPU
		{EB5EEEA6-7B5E-43F2-8BF7-D560EC07D322}.Release|Any CPU.ActiveCfg = Release|Any CPU
		{EB5EEEA6-7B5E-43F2-8BF7-D560EC07D322}.Release|Any CPU.Build.0 = Release|Any CPU
		{EB5EEEA6-7B5E-43F2-8BF7-D560EC07D322}.Release|x64.ActiveCfg = Release|Any CPU
		{EB5EEEA6-7B5E-43F2-8BF7-D560EC07D322}.Release|x64.Build.0 = Release|Any CPU
		{EB5EEEA6-7B5E-43F2-8BF7-D560EC07D322}.Release|x86.ActiveCfg = Release|Any CPU
		{EB5EEEA6-7B5E-43F2-8BF7-D560EC07D322}.Release|x86.Build.0 = Release|Any CPU
		{CD7C83DF-B183-41BE-8741-235C75D59455}.Debug|Any CPU.ActiveCfg = Debug|Any CPU
		{CD7C83DF-B183-41BE-8741-235C75D59455}.Debug|Any CPU.Build.0 = Debug|Any CPU
		{CD7C83DF-B183-41BE-8741-235C75D59455}.Debug|x64.ActiveCfg = Debug|Any CPU
		{CD7C83DF-B183-41BE-8741-235C75D59455}.Debug|x64.Build.0 = Debug|Any CPU
		{CD7C83DF-B183-41BE-8741-235C75D59455}.Debug|x86.ActiveCfg = Debug|Any CPU
		{CD7C83DF-B183-41BE-8741-235C75D59455}.Debug|x86.Build.0 = Debug|Any CPU
		{CD7C83DF-B183-41BE-8741-235C75D59455}.Release|Any CPU.ActiveCfg = Release|Any CPU
		{CD7C83DF-B183-41BE-8741-235C75D59455}.Release|Any CPU.Build.0 = Release|Any CPU
		{CD7C83DF-B183-41BE-8741-235C75D59455}.Release|x64.ActiveCfg = Release|Any CPU
		{CD7C83DF-B183-41BE-8741-235C75D59455}.Release|x64.Build.0 = Release|Any CPU
		{CD7C83DF-B183-41BE-8741-235C75D59455}.Release|x86.ActiveCfg = Release|Any CPU
		{CD7C83DF-B183-41BE-8741-235C75D59455}.Release|x86.Build.0 = Release|Any CPU
		{62FABE79-FA11-4D86-B215-E2CD7DFD4F21}.Debug|Any CPU.ActiveCfg = Debug|Any CPU
		{62FABE79-FA11-4D86-B215-E2CD7DFD4F21}.Debug|Any CPU.Build.0 = Debug|Any CPU
		{62FABE79-FA11-4D86-B215-E2CD7DFD4F21}.Debug|x64.ActiveCfg = Debug|Any CPU
		{62FABE79-FA11-4D86-B215-E2CD7DFD4F21}.Debug|x64.Build.0 = Debug|Any CPU
		{62FABE79-FA11-4D86-B215-E2CD7DFD4F21}.Debug|x86.ActiveCfg = Debug|Any CPU
		{62FABE79-FA11-4D86-B215-E2CD7DFD4F21}.Debug|x86.Build.0 = Debug|Any CPU
		{62FABE79-FA11-4D86-B215-E2CD7DFD4F21}.Release|Any CPU.ActiveCfg = Release|Any CPU
		{62FABE79-FA11-4D86-B215-E2CD7DFD4F21}.Release|Any CPU.Build.0 = Release|Any CPU
		{62FABE79-FA11-4D86-B215-E2CD7DFD4F21}.Release|x64.ActiveCfg = Release|Any CPU
		{62FABE79-FA11-4D86-B215-E2CD7DFD4F21}.Release|x64.Build.0 = Release|Any CPU
		{62FABE79-FA11-4D86-B215-E2CD7DFD4F21}.Release|x86.ActiveCfg = Release|Any CPU
		{62FABE79-FA11-4D86-B215-E2CD7DFD4F21}.Release|x86.Build.0 = Release|Any CPU
		{AF4340EE-6052-4341-BF4A-A414EAD344FB}.Debug|Any CPU.ActiveCfg = Debug|Any CPU
		{AF4340EE-6052-4341-BF4A-A414EAD344FB}.Debug|Any CPU.Build.0 = Debug|Any CPU
		{AF4340EE-6052-4341-BF4A-A414EAD344FB}.Debug|x64.ActiveCfg = Debug|Any CPU
		{AF4340EE-6052-4341-BF4A-A414EAD344FB}.Debug|x64.Build.0 = Debug|Any CPU
		{AF4340EE-6052-4341-BF4A-A414EAD344FB}.Debug|x86.ActiveCfg = Debug|Any CPU
		{AF4340EE-6052-4341-BF4A-A414EAD344FB}.Debug|x86.Build.0 = Debug|Any CPU
		{AF4340EE-6052-4341-BF4A-A414EAD344FB}.Release|Any CPU.ActiveCfg = Release|Any CPU
		{AF4340EE-6052-4341-BF4A-A414EAD344FB}.Release|Any CPU.Build.0 = Release|Any CPU
		{AF4340EE-6052-4341-BF4A-A414EAD344FB}.Release|x64.ActiveCfg = Release|Any CPU
		{AF4340EE-6052-4341-BF4A-A414EAD344FB}.Release|x64.Build.0 = Release|Any CPU
		{AF4340EE-6052-4341-BF4A-A414EAD344FB}.Release|x86.ActiveCfg = Release|Any CPU
		{AF4340EE-6052-4341-BF4A-A414EAD344FB}.Release|x86.Build.0 = Release|Any CPU
		{0581F4B5-CAEE-4FF8-8E6E-C06DC0495B4B}.Debug|Any CPU.ActiveCfg = Debug|Any CPU
		{0581F4B5-CAEE-4FF8-8E6E-C06DC0495B4B}.Debug|Any CPU.Build.0 = Debug|Any CPU
		{0581F4B5-CAEE-4FF8-8E6E-C06DC0495B4B}.Debug|x64.ActiveCfg = Debug|Any CPU
		{0581F4B5-CAEE-4FF8-8E6E-C06DC0495B4B}.Debug|x64.Build.0 = Debug|Any CPU
		{0581F4B5-CAEE-4FF8-8E6E-C06DC0495B4B}.Debug|x86.ActiveCfg = Debug|Any CPU
		{0581F4B5-CAEE-4FF8-8E6E-C06DC0495B4B}.Debug|x86.Build.0 = Debug|Any CPU
		{0581F4B5-CAEE-4FF8-8E6E-C06DC0495B4B}.Release|Any CPU.ActiveCfg = Release|Any CPU
		{0581F4B5-CAEE-4FF8-8E6E-C06DC0495B4B}.Release|Any CPU.Build.0 = Release|Any CPU
		{0581F4B5-CAEE-4FF8-8E6E-C06DC0495B4B}.Release|x64.ActiveCfg = Release|Any CPU
		{0581F4B5-CAEE-4FF8-8E6E-C06DC0495B4B}.Release|x64.Build.0 = Release|Any CPU
		{0581F4B5-CAEE-4FF8-8E6E-C06DC0495B4B}.Release|x86.ActiveCfg = Release|Any CPU
		{0581F4B5-CAEE-4FF8-8E6E-C06DC0495B4B}.Release|x86.Build.0 = Release|Any CPU
		{6EDDF3C0-ED7A-46ED-ADCC-A87CC46D343D}.Debug|Any CPU.ActiveCfg = Debug|Any CPU
		{6EDDF3C0-ED7A-46ED-ADCC-A87CC46D343D}.Debug|Any CPU.Build.0 = Debug|Any CPU
		{6EDDF3C0-ED7A-46ED-ADCC-A87CC46D343D}.Debug|x64.ActiveCfg = Debug|Any CPU
		{6EDDF3C0-ED7A-46ED-ADCC-A87CC46D343D}.Debug|x64.Build.0 = Debug|Any CPU
		{6EDDF3C0-ED7A-46ED-ADCC-A87CC46D343D}.Debug|x86.ActiveCfg = Debug|Any CPU
		{6EDDF3C0-ED7A-46ED-ADCC-A87CC46D343D}.Debug|x86.Build.0 = Debug|Any CPU
		{6EDDF3C0-ED7A-46ED-ADCC-A87CC46D343D}.Release|Any CPU.ActiveCfg = Release|Any CPU
		{6EDDF3C0-ED7A-46ED-ADCC-A87CC46D343D}.Release|Any CPU.Build.0 = Release|Any CPU
		{6EDDF3C0-ED7A-46ED-ADCC-A87CC46D343D}.Release|x64.ActiveCfg = Release|Any CPU
		{6EDDF3C0-ED7A-46ED-ADCC-A87CC46D343D}.Release|x64.Build.0 = Release|Any CPU
		{6EDDF3C0-ED7A-46ED-ADCC-A87CC46D343D}.Release|x86.ActiveCfg = Release|Any CPU
		{6EDDF3C0-ED7A-46ED-ADCC-A87CC46D343D}.Release|x86.Build.0 = Release|Any CPU
		{58067CEB-E642-4152-8057-244255AB278D}.Debug|Any CPU.ActiveCfg = Debug|Any CPU
		{58067CEB-E642-4152-8057-244255AB278D}.Debug|Any CPU.Build.0 = Debug|Any CPU
		{58067CEB-E642-4152-8057-244255AB278D}.Debug|x64.ActiveCfg = Debug|Any CPU
		{58067CEB-E642-4152-8057-244255AB278D}.Debug|x64.Build.0 = Debug|Any CPU
		{58067CEB-E642-4152-8057-244255AB278D}.Debug|x86.ActiveCfg = Debug|Any CPU
		{58067CEB-E642-4152-8057-244255AB278D}.Debug|x86.Build.0 = Debug|Any CPU
		{58067CEB-E642-4152-8057-244255AB278D}.Release|Any CPU.ActiveCfg = Release|Any CPU
		{58067CEB-E642-4152-8057-244255AB278D}.Release|Any CPU.Build.0 = Release|Any CPU
		{58067CEB-E642-4152-8057-244255AB278D}.Release|x64.ActiveCfg = Release|Any CPU
		{58067CEB-E642-4152-8057-244255AB278D}.Release|x64.Build.0 = Release|Any CPU
		{58067CEB-E642-4152-8057-244255AB278D}.Release|x86.ActiveCfg = Release|Any CPU
		{58067CEB-E642-4152-8057-244255AB278D}.Release|x86.Build.0 = Release|Any CPU
		{96468472-FBE6-438D-9A63-A2889EDE34CE}.Debug|Any CPU.ActiveCfg = Debug|Any CPU
		{96468472-FBE6-438D-9A63-A2889EDE34CE}.Debug|Any CPU.Build.0 = Debug|Any CPU
		{96468472-FBE6-438D-9A63-A2889EDE34CE}.Debug|x64.ActiveCfg = Debug|Any CPU
		{96468472-FBE6-438D-9A63-A2889EDE34CE}.Debug|x64.Build.0 = Debug|Any CPU
		{96468472-FBE6-438D-9A63-A2889EDE34CE}.Debug|x86.ActiveCfg = Debug|Any CPU
		{96468472-FBE6-438D-9A63-A2889EDE34CE}.Debug|x86.Build.0 = Debug|Any CPU
		{96468472-FBE6-438D-9A63-A2889EDE34CE}.Release|Any CPU.ActiveCfg = Release|Any CPU
		{96468472-FBE6-438D-9A63-A2889EDE34CE}.Release|Any CPU.Build.0 = Release|Any CPU
		{96468472-FBE6-438D-9A63-A2889EDE34CE}.Release|x64.ActiveCfg = Release|Any CPU
		{96468472-FBE6-438D-9A63-A2889EDE34CE}.Release|x64.Build.0 = Release|Any CPU
		{96468472-FBE6-438D-9A63-A2889EDE34CE}.Release|x86.ActiveCfg = Release|Any CPU
		{96468472-FBE6-438D-9A63-A2889EDE34CE}.Release|x86.Build.0 = Release|Any CPU
		{8CF91691-62E9-42CA-BC99-E4875C76605B}.Debug|Any CPU.ActiveCfg = Debug|Any CPU
		{8CF91691-62E9-42CA-BC99-E4875C76605B}.Debug|Any CPU.Build.0 = Debug|Any CPU
		{8CF91691-62E9-42CA-BC99-E4875C76605B}.Debug|x64.ActiveCfg = Debug|Any CPU
		{8CF91691-62E9-42CA-BC99-E4875C76605B}.Debug|x64.Build.0 = Debug|Any CPU
		{8CF91691-62E9-42CA-BC99-E4875C76605B}.Debug|x86.ActiveCfg = Debug|Any CPU
		{8CF91691-62E9-42CA-BC99-E4875C76605B}.Debug|x86.Build.0 = Debug|Any CPU
		{8CF91691-62E9-42CA-BC99-E4875C76605B}.Release|Any CPU.ActiveCfg = Release|Any CPU
		{8CF91691-62E9-42CA-BC99-E4875C76605B}.Release|Any CPU.Build.0 = Release|Any CPU
		{8CF91691-62E9-42CA-BC99-E4875C76605B}.Release|x64.ActiveCfg = Release|Any CPU
		{8CF91691-62E9-42CA-BC99-E4875C76605B}.Release|x64.Build.0 = Release|Any CPU
		{8CF91691-62E9-42CA-BC99-E4875C76605B}.Release|x86.ActiveCfg = Release|Any CPU
		{8CF91691-62E9-42CA-BC99-E4875C76605B}.Release|x86.Build.0 = Release|Any CPU
		{9B600C87-B7D8-4523-B8EF-E9599418DE23}.Debug|Any CPU.ActiveCfg = Debug|Any CPU
		{9B600C87-B7D8-4523-B8EF-E9599418DE23}.Debug|Any CPU.Build.0 = Debug|Any CPU
		{9B600C87-B7D8-4523-B8EF-E9599418DE23}.Debug|x64.ActiveCfg = Debug|Any CPU
		{9B600C87-B7D8-4523-B8EF-E9599418DE23}.Debug|x64.Build.0 = Debug|Any CPU
		{9B600C87-B7D8-4523-B8EF-E9599418DE23}.Debug|x86.ActiveCfg = Debug|Any CPU
		{9B600C87-B7D8-4523-B8EF-E9599418DE23}.Debug|x86.Build.0 = Debug|Any CPU
		{9B600C87-B7D8-4523-B8EF-E9599418DE23}.Release|Any CPU.ActiveCfg = Release|Any CPU
		{9B600C87-B7D8-4523-B8EF-E9599418DE23}.Release|Any CPU.Build.0 = Release|Any CPU
		{9B600C87-B7D8-4523-B8EF-E9599418DE23}.Release|x64.ActiveCfg = Release|Any CPU
		{9B600C87-B7D8-4523-B8EF-E9599418DE23}.Release|x64.Build.0 = Release|Any CPU
		{9B600C87-B7D8-4523-B8EF-E9599418DE23}.Release|x86.ActiveCfg = Release|Any CPU
		{9B600C87-B7D8-4523-B8EF-E9599418DE23}.Release|x86.Build.0 = Release|Any CPU
		{F80CDEC4-325A-4AAC-B66D-B003A06A0B7C}.Debug|Any CPU.ActiveCfg = Debug|Any CPU
		{F80CDEC4-325A-4AAC-B66D-B003A06A0B7C}.Debug|Any CPU.Build.0 = Debug|Any CPU
		{F80CDEC4-325A-4AAC-B66D-B003A06A0B7C}.Debug|x64.ActiveCfg = Debug|Any CPU
		{F80CDEC4-325A-4AAC-B66D-B003A06A0B7C}.Debug|x64.Build.0 = Debug|Any CPU
		{F80CDEC4-325A-4AAC-B66D-B003A06A0B7C}.Debug|x86.ActiveCfg = Debug|Any CPU
		{F80CDEC4-325A-4AAC-B66D-B003A06A0B7C}.Debug|x86.Build.0 = Debug|Any CPU
		{F80CDEC4-325A-4AAC-B66D-B003A06A0B7C}.Release|Any CPU.ActiveCfg = Release|Any CPU
		{F80CDEC4-325A-4AAC-B66D-B003A06A0B7C}.Release|Any CPU.Build.0 = Release|Any CPU
		{F80CDEC4-325A-4AAC-B66D-B003A06A0B7C}.Release|x64.ActiveCfg = Release|Any CPU
		{F80CDEC4-325A-4AAC-B66D-B003A06A0B7C}.Release|x64.Build.0 = Release|Any CPU
		{F80CDEC4-325A-4AAC-B66D-B003A06A0B7C}.Release|x86.ActiveCfg = Release|Any CPU
		{F80CDEC4-325A-4AAC-B66D-B003A06A0B7C}.Release|x86.Build.0 = Release|Any CPU
		{F253AA42-5598-4A47-AF15-1649767A332A}.Debug|Any CPU.ActiveCfg = Debug|Any CPU
		{F253AA42-5598-4A47-AF15-1649767A332A}.Debug|Any CPU.Build.0 = Debug|Any CPU
		{F253AA42-5598-4A47-AF15-1649767A332A}.Debug|x64.ActiveCfg = Debug|Any CPU
		{F253AA42-5598-4A47-AF15-1649767A332A}.Debug|x64.Build.0 = Debug|Any CPU
		{F253AA42-5598-4A47-AF15-1649767A332A}.Debug|x86.ActiveCfg = Debug|Any CPU
		{F253AA42-5598-4A47-AF15-1649767A332A}.Debug|x86.Build.0 = Debug|Any CPU
		{F253AA42-5598-4A47-AF15-1649767A332A}.Release|Any CPU.ActiveCfg = Release|Any CPU
		{F253AA42-5598-4A47-AF15-1649767A332A}.Release|Any CPU.Build.0 = Release|Any CPU
		{F253AA42-5598-4A47-AF15-1649767A332A}.Release|x64.ActiveCfg = Release|Any CPU
		{F253AA42-5598-4A47-AF15-1649767A332A}.Release|x64.Build.0 = Release|Any CPU
		{F253AA42-5598-4A47-AF15-1649767A332A}.Release|x86.ActiveCfg = Release|Any CPU
		{F253AA42-5598-4A47-AF15-1649767A332A}.Release|x86.Build.0 = Release|Any CPU
		{98455D99-CBE2-4CC8-B78E-A1B30BFA3D72}.Debug|Any CPU.ActiveCfg = Debug|Any CPU
		{98455D99-CBE2-4CC8-B78E-A1B30BFA3D72}.Debug|Any CPU.Build.0 = Debug|Any CPU
		{98455D99-CBE2-4CC8-B78E-A1B30BFA3D72}.Debug|x64.ActiveCfg = Debug|Any CPU
		{98455D99-CBE2-4CC8-B78E-A1B30BFA3D72}.Debug|x64.Build.0 = Debug|Any CPU
		{98455D99-CBE2-4CC8-B78E-A1B30BFA3D72}.Debug|x86.ActiveCfg = Debug|Any CPU
		{98455D99-CBE2-4CC8-B78E-A1B30BFA3D72}.Debug|x86.Build.0 = Debug|Any CPU
		{98455D99-CBE2-4CC8-B78E-A1B30BFA3D72}.Release|Any CPU.ActiveCfg = Release|Any CPU
		{98455D99-CBE2-4CC8-B78E-A1B30BFA3D72}.Release|Any CPU.Build.0 = Release|Any CPU
		{98455D99-CBE2-4CC8-B78E-A1B30BFA3D72}.Release|x64.ActiveCfg = Release|Any CPU
		{98455D99-CBE2-4CC8-B78E-A1B30BFA3D72}.Release|x64.Build.0 = Release|Any CPU
		{98455D99-CBE2-4CC8-B78E-A1B30BFA3D72}.Release|x86.ActiveCfg = Release|Any CPU
		{98455D99-CBE2-4CC8-B78E-A1B30BFA3D72}.Release|x86.Build.0 = Release|Any CPU
		{5D31C1D4-1E6C-478E-B87C-D922B1298EEC}.Debug|Any CPU.ActiveCfg = Debug|Any CPU
		{5D31C1D4-1E6C-478E-B87C-D922B1298EEC}.Debug|Any CPU.Build.0 = Debug|Any CPU
		{5D31C1D4-1E6C-478E-B87C-D922B1298EEC}.Debug|x64.ActiveCfg = Debug|Any CPU
		{5D31C1D4-1E6C-478E-B87C-D922B1298EEC}.Debug|x64.Build.0 = Debug|Any CPU
		{5D31C1D4-1E6C-478E-B87C-D922B1298EEC}.Debug|x86.ActiveCfg = Debug|Any CPU
		{5D31C1D4-1E6C-478E-B87C-D922B1298EEC}.Debug|x86.Build.0 = Debug|Any CPU
		{5D31C1D4-1E6C-478E-B87C-D922B1298EEC}.Release|Any CPU.ActiveCfg = Release|Any CPU
		{5D31C1D4-1E6C-478E-B87C-D922B1298EEC}.Release|Any CPU.Build.0 = Release|Any CPU
		{5D31C1D4-1E6C-478E-B87C-D922B1298EEC}.Release|x64.ActiveCfg = Release|Any CPU
		{5D31C1D4-1E6C-478E-B87C-D922B1298EEC}.Release|x64.Build.0 = Release|Any CPU
		{5D31C1D4-1E6C-478E-B87C-D922B1298EEC}.Release|x86.ActiveCfg = Release|Any CPU
		{5D31C1D4-1E6C-478E-B87C-D922B1298EEC}.Release|x86.Build.0 = Release|Any CPU
		{2FC55FB1-ED19-4587-AEA2-694B356D8483}.Debug|Any CPU.ActiveCfg = Debug|Any CPU
		{2FC55FB1-ED19-4587-AEA2-694B356D8483}.Debug|Any CPU.Build.0 = Debug|Any CPU
		{2FC55FB1-ED19-4587-AEA2-694B356D8483}.Debug|x64.ActiveCfg = Debug|Any CPU
		{2FC55FB1-ED19-4587-AEA2-694B356D8483}.Debug|x64.Build.0 = Debug|Any CPU
		{2FC55FB1-ED19-4587-AEA2-694B356D8483}.Debug|x86.ActiveCfg = Debug|Any CPU
		{2FC55FB1-ED19-4587-AEA2-694B356D8483}.Debug|x86.Build.0 = Debug|Any CPU
		{2FC55FB1-ED19-4587-AEA2-694B356D8483}.Release|Any CPU.ActiveCfg = Release|Any CPU
		{2FC55FB1-ED19-4587-AEA2-694B356D8483}.Release|Any CPU.Build.0 = Release|Any CPU
		{2FC55FB1-ED19-4587-AEA2-694B356D8483}.Release|x64.ActiveCfg = Release|Any CPU
		{2FC55FB1-ED19-4587-AEA2-694B356D8483}.Release|x64.Build.0 = Release|Any CPU
		{2FC55FB1-ED19-4587-AEA2-694B356D8483}.Release|x86.ActiveCfg = Release|Any CPU
		{2FC55FB1-ED19-4587-AEA2-694B356D8483}.Release|x86.Build.0 = Release|Any CPU
		{95A80AA9-59E0-4840-83DE-0FAA533C335B}.Debug|Any CPU.ActiveCfg = Debug|Any CPU
		{95A80AA9-59E0-4840-83DE-0FAA533C335B}.Debug|Any CPU.Build.0 = Debug|Any CPU
		{95A80AA9-59E0-4840-83DE-0FAA533C335B}.Debug|x64.ActiveCfg = Debug|Any CPU
		{95A80AA9-59E0-4840-83DE-0FAA533C335B}.Debug|x64.Build.0 = Debug|Any CPU
		{95A80AA9-59E0-4840-83DE-0FAA533C335B}.Debug|x86.ActiveCfg = Debug|Any CPU
		{95A80AA9-59E0-4840-83DE-0FAA533C335B}.Debug|x86.Build.0 = Debug|Any CPU
		{95A80AA9-59E0-4840-83DE-0FAA533C335B}.Release|Any CPU.ActiveCfg = Release|Any CPU
		{95A80AA9-59E0-4840-83DE-0FAA533C335B}.Release|Any CPU.Build.0 = Release|Any CPU
		{95A80AA9-59E0-4840-83DE-0FAA533C335B}.Release|x64.ActiveCfg = Release|Any CPU
		{95A80AA9-59E0-4840-83DE-0FAA533C335B}.Release|x64.Build.0 = Release|Any CPU
		{95A80AA9-59E0-4840-83DE-0FAA533C335B}.Release|x86.ActiveCfg = Release|Any CPU
		{95A80AA9-59E0-4840-83DE-0FAA533C335B}.Release|x86.Build.0 = Release|Any CPU
		{05E89DCC-BA1A-4ED7-A5F6-BDC1B9E84073}.Debug|Any CPU.ActiveCfg = Debug|Any CPU
		{05E89DCC-BA1A-4ED7-A5F6-BDC1B9E84073}.Debug|Any CPU.Build.0 = Debug|Any CPU
		{05E89DCC-BA1A-4ED7-A5F6-BDC1B9E84073}.Debug|x64.ActiveCfg = Debug|Any CPU
		{05E89DCC-BA1A-4ED7-A5F6-BDC1B9E84073}.Debug|x64.Build.0 = Debug|Any CPU
		{05E89DCC-BA1A-4ED7-A5F6-BDC1B9E84073}.Debug|x86.ActiveCfg = Debug|Any CPU
		{05E89DCC-BA1A-4ED7-A5F6-BDC1B9E84073}.Debug|x86.Build.0 = Debug|Any CPU
		{05E89DCC-BA1A-4ED7-A5F6-BDC1B9E84073}.Release|Any CPU.ActiveCfg = Release|Any CPU
		{05E89DCC-BA1A-4ED7-A5F6-BDC1B9E84073}.Release|Any CPU.Build.0 = Release|Any CPU
		{05E89DCC-BA1A-4ED7-A5F6-BDC1B9E84073}.Release|x64.ActiveCfg = Release|Any CPU
		{05E89DCC-BA1A-4ED7-A5F6-BDC1B9E84073}.Release|x64.Build.0 = Release|Any CPU
		{05E89DCC-BA1A-4ED7-A5F6-BDC1B9E84073}.Release|x86.ActiveCfg = Release|Any CPU
		{05E89DCC-BA1A-4ED7-A5F6-BDC1B9E84073}.Release|x86.Build.0 = Release|Any CPU
		{EEBA31B1-314A-499E-A552-08676BEAF9EE}.Debug|Any CPU.ActiveCfg = Debug|Any CPU
		{EEBA31B1-314A-499E-A552-08676BEAF9EE}.Debug|Any CPU.Build.0 = Debug|Any CPU
		{EEBA31B1-314A-499E-A552-08676BEAF9EE}.Debug|x64.ActiveCfg = Debug|Any CPU
		{EEBA31B1-314A-499E-A552-08676BEAF9EE}.Debug|x64.Build.0 = Debug|Any CPU
		{EEBA31B1-314A-499E-A552-08676BEAF9EE}.Debug|x86.ActiveCfg = Debug|Any CPU
		{EEBA31B1-314A-499E-A552-08676BEAF9EE}.Debug|x86.Build.0 = Debug|Any CPU
		{EEBA31B1-314A-499E-A552-08676BEAF9EE}.Release|Any CPU.ActiveCfg = Release|Any CPU
		{EEBA31B1-314A-499E-A552-08676BEAF9EE}.Release|Any CPU.Build.0 = Release|Any CPU
		{EEBA31B1-314A-499E-A552-08676BEAF9EE}.Release|x64.ActiveCfg = Release|Any CPU
		{EEBA31B1-314A-499E-A552-08676BEAF9EE}.Release|x64.Build.0 = Release|Any CPU
		{EEBA31B1-314A-499E-A552-08676BEAF9EE}.Release|x86.ActiveCfg = Release|Any CPU
		{EEBA31B1-314A-499E-A552-08676BEAF9EE}.Release|x86.Build.0 = Release|Any CPU
		{8B1444B2-402B-4912-8E5C-831CFB46716B}.Debug|Any CPU.ActiveCfg = Debug|Any CPU
		{8B1444B2-402B-4912-8E5C-831CFB46716B}.Debug|Any CPU.Build.0 = Debug|Any CPU
		{8B1444B2-402B-4912-8E5C-831CFB46716B}.Debug|x64.ActiveCfg = Debug|Any CPU
		{8B1444B2-402B-4912-8E5C-831CFB46716B}.Debug|x64.Build.0 = Debug|Any CPU
		{8B1444B2-402B-4912-8E5C-831CFB46716B}.Debug|x86.ActiveCfg = Debug|Any CPU
		{8B1444B2-402B-4912-8E5C-831CFB46716B}.Debug|x86.Build.0 = Debug|Any CPU
		{8B1444B2-402B-4912-8E5C-831CFB46716B}.Release|Any CPU.ActiveCfg = Release|Any CPU
		{8B1444B2-402B-4912-8E5C-831CFB46716B}.Release|Any CPU.Build.0 = Release|Any CPU
		{8B1444B2-402B-4912-8E5C-831CFB46716B}.Release|x64.ActiveCfg = Release|Any CPU
		{8B1444B2-402B-4912-8E5C-831CFB46716B}.Release|x64.Build.0 = Release|Any CPU
		{8B1444B2-402B-4912-8E5C-831CFB46716B}.Release|x86.ActiveCfg = Release|Any CPU
		{8B1444B2-402B-4912-8E5C-831CFB46716B}.Release|x86.Build.0 = Release|Any CPU
	EndGlobalSection
	GlobalSection(SolutionProperties) = preSolution
		HideSolutionNode = FALSE
	EndGlobalSection
	GlobalSection(NestedProjects) = preSolution
		{2951E765-5F77-95BA-3D85-F41283DA5914} = {827E0CD3-B72D-47B6-A68D-7590B98EB39B}
		{0B710C6C-0506-407C-AAAE-167D298248D9} = {2951E765-5F77-95BA-3D85-F41283DA5914}
		{3040CE38-6470-4E91-B019-475748E192C9} = {2951E765-5F77-95BA-3D85-F41283DA5914}
		{2EAB1D73-20DA-47DD-B023-7FA4F456D9DD} = {2951E765-5F77-95BA-3D85-F41283DA5914}
		{6FE09C2C-372D-44CC-B4F6-77C5E0435E97} = {2951E765-5F77-95BA-3D85-F41283DA5914}
		{242229F7-BC5D-4FD3-91EA-2E032265180C} = {2951E765-5F77-95BA-3D85-F41283DA5914}
		{71320A56-10EC-4570-BCB2-3BD8090C39BF} = {2951E765-5F77-95BA-3D85-F41283DA5914}
		{4D26012B-0804-46DE-8833-9E9F203A72BF} = {2951E765-5F77-95BA-3D85-F41283DA5914}
		{3050C53E-664F-4DD4-9BEE-27EC32C4E1A2} = {2951E765-5F77-95BA-3D85-F41283DA5914}
		{F854DF90-FC95-4E65-B497-7334FA3D39E1} = {2951E765-5F77-95BA-3D85-F41283DA5914}
		{B8B9F4C7-715E-4DE8-9FB2-47C7BA35A8F9} = {0AB3BF05-4346-4AA6-1389-037BE0695223}
		{F54332F1-7414-B317-14D6-87F4A58A2743} = {827E0CD3-B72D-47B6-A68D-7590B98EB39B}
		{450D54AD-C7F6-8710-425E-112A74205B6A} = {F54332F1-7414-B317-14D6-87F4A58A2743}
		{27B827F9-6C0A-4AB2-923C-C068C114A8D7} = {450D54AD-C7F6-8710-425E-112A74205B6A}
		{D9FC9ADC-3FC8-4AC6-8BB8-7C8B73782429} = {450D54AD-C7F6-8710-425E-112A74205B6A}
		{4BD53F52-E288-4325-B21F-786C6A74C1A1} = {450D54AD-C7F6-8710-425E-112A74205B6A}
		{842DDF5E-A24D-4C8A-BCD1-678C78C55A1D} = {450D54AD-C7F6-8710-425E-112A74205B6A}
		{E4137C53-A4F4-4A2B-A983-968ADD0F3D3E} = {450D54AD-C7F6-8710-425E-112A74205B6A}
		{16C881FD-3F26-4966-85F3-05BAAECFC496} = {0AB3BF05-4346-4AA6-1389-037BE0695223}
		{DD77D0C4-E314-4911-B3C7-B87A8A53A94A} = {0AB3BF05-4346-4AA6-1389-037BE0695223}
		{58D3A2C3-F96F-5E57-2C6B-ECE59D6A18FC} = {827E0CD3-B72D-47B6-A68D-7590B98EB39B}
		{126CE3EA-3FEF-4E2E-8F96-18D68C09B878} = {58D3A2C3-F96F-5E57-2C6B-ECE59D6A18FC}
		{8D626EA8-CB54-BC41-363A-217881BEBA6E} = {827E0CD3-B72D-47B6-A68D-7590B98EB39B}
		{C698E06C-1649-8066-6D27-72E3631D092E} = {827E0CD3-B72D-47B6-A68D-7590B98EB39B}
		{CFD9309C-29C0-44E9-9B76-C86967F6D90C} = {58D3A2C3-F96F-5E57-2C6B-ECE59D6A18FC}
		{56C091F2-03B6-4EF9-B460-45656D5E0EED} = {58D3A2C3-F96F-5E57-2C6B-ECE59D6A18FC}
		{50B50B93-5535-4348-9C63-35329B76ED90} = {0AB3BF05-4346-4AA6-1389-037BE0695223}
		{1B0102A6-C20F-4926-96CA-B4A41A75D822} = {0AB3BF05-4346-4AA6-1389-037BE0695223}
		{1F36A691-B97F-455D-A8C3-8BF66835CA7B} = {2951E765-5F77-95BA-3D85-F41283DA5914}
		{4C0DE338-93B6-4309-91CC-32390C89C62A} = {0AB3BF05-4346-4AA6-1389-037BE0695223}
		{B9DBBC14-5BCA-41DD-B7B4-8B22BF6139AA} = {0AB3BF05-4346-4AA6-1389-037BE0695223}
		{57C97CE2-BCE4-4786-AD2C-796995EE5967} = {0AB3BF05-4346-4AA6-1389-037BE0695223}
		{E38409BF-1319-425F-87EC-86425A5501DD} = {07D57EEB-2F50-60C4-C011-FE4FA775C9A8}
		{2A4C1AFE-3333-489A-AD3E-EAC689108BC0} = {07D57EEB-2F50-60C4-C011-FE4FA775C9A8}
		{99461FB5-1A9D-4865-BDEA-320C4F92F8AA} = {0AB3BF05-4346-4AA6-1389-037BE0695223}
		{FAA5A3DE-EDDA-4EA6-9BE3-BF49C067E52D} = {2951E765-5F77-95BA-3D85-F41283DA5914}
		{A49A05B3-F987-4E40-BED0-A9AD8C5116AD} = {58D3A2C3-F96F-5E57-2C6B-ECE59D6A18FC}
		{5BA3C50C-C430-4621-A0A3-170448C8EE7E} = {0AB3BF05-4346-4AA6-1389-037BE0695223}
		{6F972B59-27EB-4BFD-B3B8-32D38AFC8E35} = {0AB3BF05-4346-4AA6-1389-037BE0695223}
		{8488BC7A-E4F9-412A-9452-3D82C941DE99} = {58D3A2C3-F96F-5E57-2C6B-ECE59D6A18FC}
		{502D14DC-28BF-4F6A-8039-01CD696375E1} = {58D3A2C3-F96F-5E57-2C6B-ECE59D6A18FC}
		{16FB4552-9E73-40D0-B6EB-0B24399774FD} = {58D3A2C3-F96F-5E57-2C6B-ECE59D6A18FC}
		{EB5EEEA6-7B5E-43F2-8BF7-D560EC07D322} = {0AB3BF05-4346-4AA6-1389-037BE0695223}
		{CD7C83DF-B183-41BE-8741-235C75D59455} = {0AB3BF05-4346-4AA6-1389-037BE0695223}
		{62FABE79-FA11-4D86-B215-E2CD7DFD4F21} = {0AB3BF05-4346-4AA6-1389-037BE0695223}
		{AF4340EE-6052-4341-BF4A-A414EAD344FB} = {0AB3BF05-4346-4AA6-1389-037BE0695223}
		{0581F4B5-CAEE-4FF8-8E6E-C06DC0495B4B} = {58D3A2C3-F96F-5E57-2C6B-ECE59D6A18FC}
		{6EDDF3C0-ED7A-46ED-ADCC-A87CC46D343D} = {58D3A2C3-F96F-5E57-2C6B-ECE59D6A18FC}
		{58067CEB-E642-4152-8057-244255AB278D} = {0AB3BF05-4346-4AA6-1389-037BE0695223}
		{96468472-FBE6-438D-9A63-A2889EDE34CE} = {0AB3BF05-4346-4AA6-1389-037BE0695223}
		{8CF91691-62E9-42CA-BC99-E4875C76605B} = {0AB3BF05-4346-4AA6-1389-037BE0695223}
		{9B600C87-B7D8-4523-B8EF-E9599418DE23} = {58D3A2C3-F96F-5E57-2C6B-ECE59D6A18FC}
		{F80CDEC4-325A-4AAC-B66D-B003A06A0B7C} = {0AB3BF05-4346-4AA6-1389-037BE0695223}
		{F253AA42-5598-4A47-AF15-1649767A332A} = {58D3A2C3-F96F-5E57-2C6B-ECE59D6A18FC}
		{98455D99-CBE2-4CC8-B78E-A1B30BFA3D72} = {0AB3BF05-4346-4AA6-1389-037BE0695223}
		{CA8BD5DE-A0B3-9D89-08AF-C6FB9B107C3D} = {827E0CD3-B72D-47B6-A68D-7590B98EB39B}
		{5D31C1D4-1E6C-478E-B87C-D922B1298EEC} = {CA8BD5DE-A0B3-9D89-08AF-C6FB9B107C3D}
		{2FC55FB1-ED19-4587-AEA2-694B356D8483} = {827E0CD3-B72D-47B6-A68D-7590B98EB39B}
		{FCA485BC-53A3-F4B0-D375-3CF04A41BE4A} = {B36A84DF-456D-A817-6EDD-3EC3E7F6E11F}
		{95A80AA9-59E0-4840-83DE-0FAA533C335B} = {FCA485BC-53A3-F4B0-D375-3CF04A41BE4A}
		{05E89DCC-BA1A-4ED7-A5F6-BDC1B9E84073} = {F54332F1-7414-B317-14D6-87F4A58A2743}
		{EEBA31B1-314A-499E-A552-08676BEAF9EE} = {F54332F1-7414-B317-14D6-87F4A58A2743}
		{8B1444B2-402B-4912-8E5C-831CFB46716B} = {0AB3BF05-4346-4AA6-1389-037BE0695223}
	EndGlobalSection
EndGlobal
