
Microsoft Visual Studio Solution File, Format Version 12.00
# Visual Studio Version 17
VisualStudioVersion = 17.0.31903.59
MinimumVisualStudioVersion = 10.0.40219.1
Project("{2150E333-8FDC-42A3-9474-1A3956D46DE8}") = "src", "src", "{827E0CD3-B72D-47B6-A68D-7590B98EB39B}"
EndProject
Project("{FAE04EC0-301F-11D3-BF4B-00C04F79EFBC}") = "Tarui.Contracts", "src\Tarui.Contracts\Tarui.Contracts.csproj", "{4D3F9F41-ABCB-418B-9828-FE68D24BCAB1}"
EndProject
Project("{FAE04EC0-301F-11D3-BF4B-00C04F79EFBC}") = "Tarui.Ipc", "src\Tarui.Ipc\Tarui.Ipc.csproj", "{2510C2F0-122D-4684-8B91-FD45C9C9407F}"
EndProject
Project("{FAE04EC0-301F-11D3-BF4B-00C04F79EFBC}") = "Tarui.Ipc.Generators", "src\Tarui.Ipc.Generators\Tarui.Ipc.Generators.csproj", "{790AB244-CA77-45C6-A173-9C2DB0E3CDC2}"
EndProject
Project("{FAE04EC0-301F-11D3-BF4B-00C04F79EFBC}") = "Tarui.Plugins.Core", "src\Tarui.Plugins.Core\Tarui.Plugins.Core.csproj", "{553CB5C9-486D-4C78-B21B-A3B0BF261CAB}"
EndProject
Project("{FAE04EC0-301F-11D3-BF4B-00C04F79EFBC}") = "Tarui.Plugins.Dialog", "src\Tarui.Plugins.Dialog\Tarui.Plugins.Dialog.csproj", "{6996827D-6B4A-4B90-BB6D-F264AD0FFA02}"
EndProject
Project("{2150E333-8FDC-42A3-9474-1A3956D46DE8}") = "tests", "tests", "{0AB3BF05-4346-4AA6-1389-037BE0695223}"
EndProject
Project("{FAE04EC0-301F-11D3-BF4B-00C04F79EFBC}") = "Tarui.Ipc.Tests", "tests\Tarui.Ipc.Tests\Tarui.Ipc.Tests.csproj", "{095B1042-A14C-462F-B948-9FB27000D29D}"
EndProject
Project("{FAE04EC0-301F-11D3-BF4B-00C04F79EFBC}") = "Tarui.Shell", "src\Tarui.Shell\Tarui.Shell.csproj", "{66312DC7-1D6D-4A7E-B128-7DF31FFB71B3}"
EndProject
Project("{FAE04EC0-301F-11D3-BF4B-00C04F79EFBC}") = "Tarui.WebView.Abstractions", "src\Tarui.WebView.Abstractions\Tarui.WebView.Abstractions.csproj", "{ECFCCB1F-7A41-44C4-BF42-292334D44B2C}"
EndProject
Project("{FAE04EC0-301F-11D3-BF4B-00C04F79EFBC}") = "Tarui.WebView.CefGlueNext", "src\Tarui.WebView.CefGlueNext\Tarui.WebView.CefGlueNext.csproj", "{9CF2D42D-6D08-40EB-8205-ABBE64FE8534}"
EndProject
Project("{FAE04EC0-301F-11D3-BF4B-00C04F79EFBC}") = "Tarui.App", "src\Tarui.App\Tarui.App.csproj", "{B7FDEEDC-435C-4A73-9ADA-E2971C135C52}"
EndProject
Project("{FAE04EC0-301F-11D3-BF4B-00C04F79EFBC}") = "Tarui.WebView.Native", "src\Tarui.WebView.Native\Tarui.WebView.Native.csproj", "{DE92D308-A277-4209-AFD2-70D4CE5E6A46}"
EndProject
Global
	GlobalSection(SolutionConfigurationPlatforms) = preSolution
		Debug|Any CPU = Debug|Any CPU
		Debug|x64 = Debug|x64
		Debug|x86 = Debug|x86
		Release|Any CPU = Release|Any CPU
		Release|x64 = Release|x64
		Release|x86 = Release|x86
	EndGlobalSection
	GlobalSection(ProjectConfigurationPlatforms) = postSolution
		{4D3F9F41-ABCB-418B-9828-FE68D24BCAB1}.Debug|Any CPU.ActiveCfg = Debug|Any CPU
		{4D3F9F41-ABCB-418B-9828-FE68D24BCAB1}.Debug|Any CPU.Build.0 = Debug|Any CPU
		{4D3F9F41-ABCB-418B-9828-FE68D24BCAB1}.Debug|x64.ActiveCfg = Debug|Any CPU
		{4D3F9F41-ABCB-418B-9828-FE68D24BCAB1}.Debug|x64.Build.0 = Debug|Any CPU
		{4D3F9F41-ABCB-418B-9828-FE68D24BCAB1}.Debug|x86.ActiveCfg = Debug|Any CPU
		{4D3F9F41-ABCB-418B-9828-FE68D24BCAB1}.Debug|x86.Build.0 = Debug|Any CPU
		{4D3F9F41-ABCB-418B-9828-FE68D24BCAB1}.Release|Any CPU.ActiveCfg = Release|Any CPU
		{4D3F9F41-ABCB-418B-9828-FE68D24BCAB1}.Release|Any CPU.Build.0 = Release|Any CPU
		{4D3F9F41-ABCB-418B-9828-FE68D24BCAB1}.Release|x64.ActiveCfg = Release|Any CPU
		{4D3F9F41-ABCB-418B-9828-FE68D24BCAB1}.Release|x64.Build.0 = Release|Any CPU
		{4D3F9F41-ABCB-418B-9828-FE68D24BCAB1}.Release|x86.ActiveCfg = Release|Any CPU
		{4D3F9F41-ABCB-418B-9828-FE68D24BCAB1}.Release|x86.Build.0 = Release|Any CPU
		{2510C2F0-122D-4684-8B91-FD45C9C9407F}.Debug|Any CPU.ActiveCfg = Debug|Any CPU
		{2510C2F0-122D-4684-8B91-FD45C9C9407F}.Debug|Any CPU.Build.0 = Debug|Any CPU
		{2510C2F0-122D-4684-8B91-FD45C9C9407F}.Debug|x64.ActiveCfg = Debug|Any CPU
		{2510C2F0-122D-4684-8B91-FD45C9C9407F}.Debug|x64.Build.0 = Debug|Any CPU
		{2510C2F0-122D-4684-8B91-FD45C9C9407F}.Debug|x86.ActiveCfg = Debug|Any CPU
		{2510C2F0-122D-4684-8B91-FD45C9C9407F}.Debug|x86.Build.0 = Debug|Any CPU
		{2510C2F0-122D-4684-8B91-FD45C9C9407F}.Release|Any CPU.ActiveCfg = Release|Any CPU
		{2510C2F0-122D-4684-8B91-FD45C9C9407F}.Release|Any CPU.Build.0 = Release|Any CPU
		{2510C2F0-122D-4684-8B91-FD45C9C9407F}.Release|x64.ActiveCfg = Release|Any CPU
		{2510C2F0-122D-4684-8B91-FD45C9C9407F}.Release|x64.Build.0 = Release|Any CPU
		{2510C2F0-122D-4684-8B91-FD45C9C9407F}.Release|x86.ActiveCfg = Release|Any CPU
		{2510C2F0-122D-4684-8B91-FD45C9C9407F}.Release|x86.Build.0 = Release|Any CPU
		{790AB244-CA77-45C6-A173-9C2DB0E3CDC2}.Debug|Any CPU.ActiveCfg = Debug|Any CPU
		{790AB244-CA77-45C6-A173-9C2DB0E3CDC2}.Debug|Any CPU.Build.0 = Debug|Any CPU
		{790AB244-CA77-45C6-A173-9C2DB0E3CDC2}.Debug|x64.ActiveCfg = Debug|Any CPU
		{790AB244-CA77-45C6-A173-9C2DB0E3CDC2}.Debug|x64.Build.0 = Debug|Any CPU
		{790AB244-CA77-45C6-A173-9C2DB0E3CDC2}.Debug|x86.ActiveCfg = Debug|Any CPU
		{790AB244-CA77-45C6-A173-9C2DB0E3CDC2}.Debug|x86.Build.0 = Debug|Any CPU
		{790AB244-CA77-45C6-A173-9C2DB0E3CDC2}.Release|Any CPU.ActiveCfg = Release|Any CPU
		{790AB244-CA77-45C6-A173-9C2DB0E3CDC2}.Release|Any CPU.Build.0 = Release|Any CPU
		{790AB244-CA77-45C6-A173-9C2DB0E3CDC2}.Release|x64.ActiveCfg = Release|Any CPU
		{790AB244-CA77-45C6-A173-9C2DB0E3CDC2}.Release|x64.Build.0 = Release|Any CPU
		{790AB244-CA77-45C6-A173-9C2DB0E3CDC2}.Release|x86.ActiveCfg = Release|Any CPU
		{790AB244-CA77-45C6-A173-9C2DB0E3CDC2}.Release|x86.Build.0 = Release|Any CPU
		{553CB5C9-486D-4C78-B21B-A3B0BF261CAB}.Debug|Any CPU.ActiveCfg = Debug|Any CPU
		{553CB5C9-486D-4C78-B21B-A3B0BF261CAB}.Debug|Any CPU.Build.0 = Debug|Any CPU
		{553CB5C9-486D-4C78-B21B-A3B0BF261CAB}.Debug|x64.ActiveCfg = Debug|Any CPU
		{553CB5C9-486D-4C78-B21B-A3B0BF261CAB}.Debug|x64.Build.0 = Debug|Any CPU
		{553CB5C9-486D-4C78-B21B-A3B0BF261CAB}.Debug|x86.ActiveCfg = Debug|Any CPU
		{553CB5C9-486D-4C78-B21B-A3B0BF261CAB}.Debug|x86.Build.0 = Debug|Any CPU
		{553CB5C9-486D-4C78-B21B-A3B0BF261CAB}.Release|Any CPU.ActiveCfg = Release|Any CPU
		{553CB5C9-486D-4C78-B21B-A3B0BF261CAB}.Release|Any CPU.Build.0 = Release|Any CPU
		{553CB5C9-486D-4C78-B21B-A3B0BF261CAB}.Release|x64.ActiveCfg = Release|Any CPU
		{553CB5C9-486D-4C78-B21B-A3B0BF261CAB}.Release|x64.Build.0 = Release|Any CPU
		{553CB5C9-486D-4C78-B21B-A3B0BF261CAB}.Release|x86.ActiveCfg = Release|Any CPU
		{553CB5C9-486D-4C78-B21B-A3B0BF261CAB}.Release|x86.Build.0 = Release|Any CPU
		{6996827D-6B4A-4B90-BB6D-F264AD0FFA02}.Debug|Any CPU.ActiveCfg = Debug|Any CPU
		{6996827D-6B4A-4B90-BB6D-F264AD0FFA02}.Debug|Any CPU.Build.0 = Debug|Any CPU
		{6996827D-6B4A-4B90-BB6D-F264AD0FFA02}.Debug|x64.ActiveCfg = Debug|Any CPU
		{6996827D-6B4A-4B90-BB6D-F264AD0FFA02}.Debug|x64.Build.0 = Debug|Any CPU
		{6996827D-6B4A-4B90-BB6D-F264AD0FFA02}.Debug|x86.ActiveCfg = Debug|Any CPU
		{6996827D-6B4A-4B90-BB6D-F264AD0FFA02}.Debug|x86.Build.0 = Debug|Any CPU
		{6996827D-6B4A-4B90-BB6D-F264AD0FFA02}.Release|Any CPU.ActiveCfg = Release|Any CPU
		{6996827D-6B4A-4B90-BB6D-F264AD0FFA02}.Release|Any CPU.Build.0 = Release|Any CPU
		{6996827D-6B4A-4B90-BB6D-F264AD0FFA02}.Release|x64.ActiveCfg = Release|Any CPU
		{6996827D-6B4A-4B90-BB6D-F264AD0FFA02}.Release|x64.Build.0 = Release|Any CPU
		{6996827D-6B4A-4B90-BB6D-F264AD0FFA02}.Release|x86.ActiveCfg = Release|Any CPU
		{6996827D-6B4A-4B90-BB6D-F264AD0FFA02}.Release|x86.Build.0 = Release|Any CPU
		{095B1042-A14C-462F-B948-9FB27000D29D}.Debug|Any CPU.ActiveCfg = Debug|Any CPU
		{095B1042-A14C-462F-B948-9FB27000D29D}.Debug|Any CPU.Build.0 = Debug|Any CPU
		{095B1042-A14C-462F-B948-9FB27000D29D}.Debug|x64.ActiveCfg = Debug|Any CPU
		{095B1042-A14C-462F-B948-9FB27000D29D}.Debug|x64.Build.0 = Debug|Any CPU
		{095B1042-A14C-462F-B948-9FB27000D29D}.Debug|x86.ActiveCfg = Debug|Any CPU
		{095B1042-A14C-462F-B948-9FB27000D29D}.Debug|x86.Build.0 = Debug|Any CPU
		{095B1042-A14C-462F-B948-9FB27000D29D}.Release|Any CPU.ActiveCfg = Release|Any CPU
		{095B1042-A14C-462F-B948-9FB27000D29D}.Release|Any CPU.Build.0 = Release|Any CPU
		{095B1042-A14C-462F-B948-9FB27000D29D}.Release|x64.ActiveCfg = Release|Any CPU
		{095B1042-A14C-462F-B948-9FB27000D29D}.Release|x64.Build.0 = Release|Any CPU
		{095B1042-A14C-462F-B948-9FB27000D29D}.Release|x86.ActiveCfg = Release|Any CPU
		{095B1042-A14C-462F-B948-9FB27000D29D}.Release|x86.Build.0 = Release|Any CPU
		{66312DC7-1D6D-4A7E-B128-7DF31FFB71B3}.Debug|Any CPU.ActiveCfg = Debug|Any CPU
		{66312DC7-1D6D-4A7E-B128-7DF31FFB71B3}.Debug|Any CPU.Build.0 = Debug|Any CPU
		{66312DC7-1D6D-4A7E-B128-7DF31FFB71B3}.Debug|x64.ActiveCfg = Debug|Any CPU
		{66312DC7-1D6D-4A7E-B128-7DF31FFB71B3}.Debug|x64.Build.0 = Debug|Any CPU
		{66312DC7-1D6D-4A7E-B128-7DF31FFB71B3}.Debug|x86.ActiveCfg = Debug|Any CPU
		{66312DC7-1D6D-4A7E-B128-7DF31FFB71B3}.Debug|x86.Build.0 = Debug|Any CPU
		{66312DC7-1D6D-4A7E-B128-7DF31FFB71B3}.Release|Any CPU.ActiveCfg = Release|Any CPU
		{66312DC7-1D6D-4A7E-B128-7DF31FFB71B3}.Release|Any CPU.Build.0 = Release|Any CPU
		{66312DC7-1D6D-4A7E-B128-7DF31FFB71B3}.Release|x64.ActiveCfg = Release|Any CPU
		{66312DC7-1D6D-4A7E-B128-7DF31FFB71B3}.Release|x64.Build.0 = Release|Any CPU
		{66312DC7-1D6D-4A7E-B128-7DF31FFB71B3}.Release|x86.ActiveCfg = Release|Any CPU
		{66312DC7-1D6D-4A7E-B128-7DF31FFB71B3}.Release|x86.Build.0 = Release|Any CPU
		{ECFCCB1F-7A41-44C4-BF42-292334D44B2C}.Debug|Any CPU.ActiveCfg = Debug|Any CPU
		{ECFCCB1F-7A41-44C4-BF42-292334D44B2C}.Debug|Any CPU.Build.0 = Debug|Any CPU
		{ECFCCB1F-7A41-44C4-BF42-292334D44B2C}.Debug|x64.ActiveCfg = Debug|Any CPU
		{ECFCCB1F-7A41-44C4-BF42-292334D44B2C}.Debug|x64.Build.0 = Debug|Any CPU
		{ECFCCB1F-7A41-44C4-BF42-292334D44B2C}.Debug|x86.ActiveCfg = Debug|Any CPU
		{ECFCCB1F-7A41-44C4-BF42-292334D44B2C}.Debug|x86.Build.0 = Debug|Any CPU
		{ECFCCB1F-7A41-44C4-BF42-292334D44B2C}.Release|Any CPU.ActiveCfg = Release|Any CPU
		{ECFCCB1F-7A41-44C4-BF42-292334D44B2C}.Release|Any CPU.Build.0 = Release|Any CPU
		{ECFCCB1F-7A41-44C4-BF42-292334D44B2C}.Release|x64.ActiveCfg = Release|Any CPU
		{ECFCCB1F-7A41-44C4-BF42-292334D44B2C}.Release|x64.Build.0 = Release|Any CPU
		{ECFCCB1F-7A41-44C4-BF42-292334D44B2C}.Release|x86.ActiveCfg = Release|Any CPU
		{ECFCCB1F-7A41-44C4-BF42-292334D44B2C}.Release|x86.Build.0 = Release|Any CPU
		{9CF2D42D-6D08-40EB-8205-ABBE64FE8534}.Debug|Any CPU.ActiveCfg = Debug|Any CPU
		{9CF2D42D-6D08-40EB-8205-ABBE64FE8534}.Debug|Any CPU.Build.0 = Debug|Any CPU
		{9CF2D42D-6D08-40EB-8205-ABBE64FE8534}.Debug|x64.ActiveCfg = Debug|Any CPU
		{9CF2D42D-6D08-40EB-8205-ABBE64FE8534}.Debug|x64.Build.0 = Debug|Any CPU
		{9CF2D42D-6D08-40EB-8205-ABBE64FE8534}.Debug|x86.ActiveCfg = Debug|Any CPU
		{9CF2D42D-6D08-40EB-8205-ABBE64FE8534}.Debug|x86.Build.0 = Debug|Any CPU
		{9CF2D42D-6D08-40EB-8205-ABBE64FE8534}.Release|Any CPU.ActiveCfg = Release|Any CPU
		{9CF2D42D-6D08-40EB-8205-ABBE64FE8534}.Release|Any CPU.Build.0 = Release|Any CPU
		{9CF2D42D-6D08-40EB-8205-ABBE64FE8534}.Release|x64.ActiveCfg = Release|Any CPU
		{9CF2D42D-6D08-40EB-8205-ABBE64FE8534}.Release|x64.Build.0 = Release|Any CPU
		{9CF2D42D-6D08-40EB-8205-ABBE64FE8534}.Release|x86.ActiveCfg = Release|Any CPU
		{9CF2D42D-6D08-40EB-8205-ABBE64FE8534}.Release|x86.Build.0 = Release|Any CPU
		{B7FDEEDC-435C-4A73-9ADA-E2971C135C52}.Debug|Any CPU.ActiveCfg = Debug|Any CPU
		{B7FDEEDC-435C-4A73-9ADA-E2971C135C52}.Debug|Any CPU.Build.0 = Debug|Any CPU
		{B7FDEEDC-435C-4A73-9ADA-E2971C135C52}.Debug|x64.ActiveCfg = Debug|Any CPU
		{B7FDEEDC-435C-4A73-9ADA-E2971C135C52}.Debug|x64.Build.0 = Debug|Any CPU
		{B7FDEEDC-435C-4A73-9ADA-E2971C135C52}.Debug|x86.ActiveCfg = Debug|Any CPU
		{B7FDEEDC-435C-4A73-9ADA-E2971C135C52}.Debug|x86.Build.0 = Debug|Any CPU
		{B7FDEEDC-435C-4A73-9ADA-E2971C135C52}.Release|Any CPU.ActiveCfg = Release|Any CPU
		{B7FDEEDC-435C-4A73-9ADA-E2971C135C52}.Release|Any CPU.Build.0 = Release|Any CPU
		{B7FDEEDC-435C-4A73-9ADA-E2971C135C52}.Release|x64.ActiveCfg = Release|Any CPU
		{B7FDEEDC-435C-4A73-9ADA-E2971C135C52}.Release|x64.Build.0 = Release|Any CPU
		{B7FDEEDC-435C-4A73-9ADA-E2971C135C52}.Release|x86.ActiveCfg = Release|Any CPU
		{B7FDEEDC-435C-4A73-9ADA-E2971C135C52}.Release|x86.Build.0 = Release|Any CPU
		{DE92D308-A277-4209-AFD2-70D4CE5E6A46}.Debug|Any CPU.ActiveCfg = Debug|Any CPU
		{DE92D308-A277-4209-AFD2-70D4CE5E6A46}.Debug|Any CPU.Build.0 = Debug|Any CPU
		{DE92D308-A277-4209-AFD2-70D4CE5E6A46}.Debug|x64.ActiveCfg = Debug|Any CPU
		{DE92D308-A277-4209-AFD2-70D4CE5E6A46}.Debug|x64.Build.0 = Debug|Any CPU
		{DE92D308-A277-4209-AFD2-70D4CE5E6A46}.Debug|x86.ActiveCfg = Debug|Any CPU
		{DE92D308-A277-4209-AFD2-70D4CE5E6A46}.Debug|x86.Build.0 = Debug|Any CPU
		{DE92D308-A277-4209-AFD2-70D4CE5E6A46}.Release|Any CPU.ActiveCfg = Release|Any CPU
		{DE92D308-A277-4209-AFD2-70D4CE5E6A46}.Release|Any CPU.Build.0 = Release|Any CPU
		{DE92D308-A277-4209-AFD2-70D4CE5E6A46}.Release|x64.ActiveCfg = Release|Any CPU
		{DE92D308-A277-4209-AFD2-70D4CE5E6A46}.Release|x64.Build.0 = Release|Any CPU
		{DE92D308-A277-4209-AFD2-70D4CE5E6A46}.Release|x86.ActiveCfg = Release|Any CPU
		{DE92D308-A277-4209-AFD2-70D4CE5E6A46}.Release|x86.Build.0 = Release|Any CPU
	EndGlobalSection
	GlobalSection(SolutionProperties) = preSolution
		HideSolutionNode = FALSE
	EndGlobalSection
	GlobalSection(NestedProjects) = preSolution
		{4D3F9F41-ABCB-418B-9828-FE68D24BCAB1} = {827E0CD3-B72D-47B6-A68D-7590B98EB39B}
		{2510C2F0-122D-4684-8B91-FD45C9C9407F} = {827E0CD3-B72D-47B6-A68D-7590B98EB39B}
		{790AB244-CA77-45C6-A173-9C2DB0E3CDC2} = {827E0CD3-B72D-47B6-A68D-7590B98EB39B}
		{553CB5C9-486D-4C78-B21B-A3B0BF261CAB} = {827E0CD3-B72D-47B6-A68D-7590B98EB39B}
		{6996827D-6B4A-4B90-BB6D-F264AD0FFA02} = {827E0CD3-B72D-47B6-A68D-7590B98EB39B}
		{095B1042-A14C-462F-B948-9FB27000D29D} = {0AB3BF05-4346-4AA6-1389-037BE0695223}
		{66312DC7-1D6D-4A7E-B128-7DF31FFB71B3} = {827E0CD3-B72D-47B6-A68D-7590B98EB39B}
		{ECFCCB1F-7A41-44C4-BF42-292334D44B2C} = {827E0CD3-B72D-47B6-A68D-7590B98EB39B}
		{9CF2D42D-6D08-40EB-8205-ABBE64FE8534} = {827E0CD3-B72D-47B6-A68D-7590B98EB39B}
		{B7FDEEDC-435C-4A73-9ADA-E2971C135C52} = {827E0CD3-B72D-47B6-A68D-7590B98EB39B}
		{DE92D308-A277-4209-AFD2-70D4CE5E6A46} = {827E0CD3-B72D-47B6-A68D-7590B98EB39B}
	EndGlobalSection
EndGlobal
